// !$*UTF8*$!
{
	archiveVersion = 1;
	classes = {
	};
	objectVersion = 77;
	objects = {

/* Begin PBXBuildFile section */
		00F47ED32F2DD1A5006FBD2A /* AppConfig.swift in Sources */ = {isa = PBXBuildFile; fileRef = 00F47ED22F2DD155006FBD2A /* AppConfig.swift */; };
		00F480182F2DD2DE006FBD2A /* Config-Prod.xcconfig in Resources */ = {isa = PBXBuildFile; fileRef = 00F480172F2DD2DE006FBD2A /* Config-Prod.xcconfig */; };
		00F480252F2DD48D006FBD2A /* Pretendard-Regular.otf in Resources */ = {isa = PBXBuildFile; fileRef = 00F480212F2DD48D006FBD2A /* Pretendard-Regular.otf */; };
		00F480262F2DD48D006FBD2A /* Pretendard-ExtraLight.otf in Resources */ = {isa = PBXBuildFile; fileRef = 00F4801E2F2DD48D006FBD2A /* Pretendard-ExtraLight.otf */; };
		00F480272F2DD48D006FBD2A /* Pretendard-Thin.otf in Resources */ = {isa = PBXBuildFile; fileRef = 00F480232F2DD48D006FBD2A /* Pretendard-Thin.otf */; };
		00F480282F2DD48D006FBD2A /* Pretendard-Black.otf in Resources */ = {isa = PBXBuildFile; fileRef = 00F4801B2F2DD48D006FBD2A /* Pretendard-Black.otf */; };
		00F480292F2DD48D006FBD2A /* Pretendard-ExtraBold.otf in Resources */ = {isa = PBXBuildFile; fileRef = 00F4801D2F2DD48D006FBD2A /* Pretendard-ExtraBold.otf */; };
		00F4802A2F2DD48D006FBD2A /* Pretendard-Light.otf in Resources */ = {isa = PBXBuildFile; fileRef = 00F4801F2F2DD48D006FBD2A /* Pretendard-Light.otf */; };
		00F4802B2F2DD48D006FBD2A /* Pretendard-Bold.otf in Resources */ = {isa = PBXBuildFile; fileRef = 00F4801C2F2DD48D006FBD2A /* Pretendard-Bold.otf */; };
		00F4802C2F2DD48D006FBD2A /* Pretendard-Medium.otf in Resources */ = {isa = PBXBuildFile; fileRef = 00F480202F2DD48D006FBD2A /* Pretendard-Medium.otf */; };
		00F4802D2F2DD48D006FBD2A /* Pretendard-SemiBold.otf in Resources */ = {isa = PBXBuildFile; fileRef = 00F480222F2DD48D006FBD2A /* Pretendard-SemiBold.otf */; };
		00F481722F2DD574006FBD2A /* UIFont+.swift in Sources */ = {isa = PBXBuildFile; fileRef = 00F481712F2DD571006FBD2A /* UIFont+.swift */; };
		00F482432F2DDBA1006FBD2A /* UITextField+.swift in Sources */ = {isa = PBXBuildFile; fileRef = 00F482422F2DDB9D006FBD2A /* UITextField+.swift */; };
		00F482452F2DDC20006FBD2A /* UILabel+.swift in Sources */ = {isa = PBXBuildFile; fileRef = 00F482442F2DDC1C006FBD2A /* UILabel+.swift */; };
		00F482472F2DDC4F006FBD2A /* UIStackView+.swift in Sources */ = {isa = PBXBuildFile; fileRef = 00F482462F2DDC48006FBD2A /* UIStackView+.swift */; };
		00F482492F2DDC69006FBD2A /* UIView+.swift in Sources */ = {isa = PBXBuildFile; fileRef = 00F482482F2DDC66006FBD2A /* UIView+.swift */; };
		00F4824C2F2DDCE2006FBD2A /* BaseViewController.swift in Sources */ = {isa = PBXBuildFile; fileRef = 00F4824B2F2DDCD9006FBD2A /* BaseViewController.swift */; };
		00F4824E2F2DDE0C006FBD2A /* CALayer+.swift in Sources */ = {isa = PBXBuildFile; fileRef = 00F4824D2F2DDE09006FBD2A /* CALayer+.swift */; };
		7C16AA112F3ADED50071ABE6 /* UIColor+.swift in Sources */ = {isa = PBXBuildFile; fileRef = 7C16AA102F3ADED50071ABE6 /* UIColor+.swift */; };
		7C16AA172F3AE9E30071ABE6 /* SplashViewController.swift in Sources */ = {isa = PBXBuildFile; fileRef = 7C16AA162F3AE9E30071ABE6 /* SplashViewController.swift */; };
		7C2A3F102F38ACCB00D102EE /* AppButton.swift in Sources */ = {isa = PBXBuildFile; fileRef = 7C2A3F0F2F38ACCB00D102EE /* AppButton.swift */; };
		7C2E31FC2F38DDA6006F08FE /* UIImage+.swift in Sources */ = {isa = PBXBuildFile; fileRef = 7C2E31FB2F38DDA6006F08FE /* UIImage+.swift */; };
		7C61D2FE2F210AAC005FAC3A /* AppDelegate.swift in Sources */ = {isa = PBXBuildFile; fileRef = 7C61D2F52F210AAC005FAC3A /* AppDelegate.swift */; };
		7C61D2FF2F210AAC005FAC3A /* SceneDelegate.swift in Sources */ = {isa = PBXBuildFile; fileRef = 7C61D2F92F210AAC005FAC3A /* SceneDelegate.swift */; };
		7C61D3012F210AAC005FAC3A /* Assets.xcassets in Resources */ = {isa = PBXBuildFile; fileRef = 7C61D2F62F210AAC005FAC3A /* Assets.xcassets */; };
		7C9582A42F3561DC004F8523 /* OnboardingViewController.swift in Sources */ = {isa = PBXBuildFile; fileRef = 7C9582A32F3561DC004F8523 /* OnboardingViewController.swift */; };
		7C9582A62F3561F5004F8523 /* HomeTabbarController.swift in Sources */ = {isa = PBXBuildFile; fileRef = 7C9582A52F3561F5004F8523 /* HomeTabbarController.swift */; };
		7C9582A92F3562D0004F8523 /* LoginViewController.swift in Sources */ = {isa = PBXBuildFile; fileRef = 7C9582A82F3562D0004F8523 /* LoginViewController.swift */; };
		7C9582AE2F356608004F8523 /* CheckLoginUseCase.swift in Sources */ = {isa = PBXBuildFile; fileRef = 7C9582AD2F356608004F8523 /* CheckLoginUseCase.swift */; };
		7CCB1E3C2F29B09C00472669 /* Alamofire in Frameworks */ = {isa = PBXBuildFile; productRef = 7CCB1E3B2F29B09C00472669 /* Alamofire */; };
		7CCB1E412F29B5ED00472669 /* Router.swift in Sources */ = {isa = PBXBuildFile; fileRef = 7CCB1E402F29B5ED00472669 /* Router.swift */; };
		7CCB1E5D2F2DB19600472669 /* Then in Frameworks */ = {isa = PBXBuildFile; productRef = 7CCB1E5C2F2DB19600472669 /* Then */; };
		7CCB1E602F2DB2C900472669 /* SnapKit in Frameworks */ = {isa = PBXBuildFile; productRef = 7CCB1E5F2F2DB2C900472669 /* SnapKit */; };
		7CCB1E622F2DB56600472669 /* MockAPI.swift in Sources */ = {isa = PBXBuildFile; fileRef = 7CCB1E612F2DB56600472669 /* MockAPI.swift */; };
		7CCB1E672F2DB72A00472669 /* MockRequest.swift in Sources */ = {isa = PBXBuildFile; fileRef = 7CCB1E662F2DB72A00472669 /* MockRequest.swift */; };
		7CCB1E722F2DD20300472669 /* KeychainWorker.swift in Sources */ = {isa = PBXBuildFile; fileRef = 7CCB1E712F2DD20300472669 /* KeychainWorker.swift */; };
/* End PBXBuildFile section */

/* Begin PBXFileReference section */
		00F47E022F2DD0D3006FBD2A /* Config-Dev.xcconfig */ = {isa = PBXFileReference; lastKnownFileType = text.xcconfig; path = "Config-Dev.xcconfig"; sourceTree = "<group>"; };
		00F47ED22F2DD155006FBD2A /* AppConfig.swift */ = {isa = PBXFileReference; lastKnownFileType = sourcecode.swift; path = AppConfig.swift; sourceTree = "<group>"; };
		00F480172F2DD2DE006FBD2A /* Config-Prod.xcconfig */ = {isa = PBXFileReference; lastKnownFileType = text.xcconfig; path = "Config-Prod.xcconfig"; sourceTree = "<group>"; };
		00F4801B2F2DD48D006FBD2A /* Pretendard-Black.otf */ = {isa = PBXFileReference; lastKnownFileType = file; path = "Pretendard-Black.otf"; sourceTree = "<group>"; };
		00F4801C2F2DD48D006FBD2A /* Pretendard-Bold.otf */ = {isa = PBXFileReference; lastKnownFileType = file; path = "Pretendard-Bold.otf"; sourceTree = "<group>"; };
		00F4801D2F2DD48D006FBD2A /* Pretendard-ExtraBold.otf */ = {isa = PBXFileReference; lastKnownFileType = file; path = "Pretendard-ExtraBold.otf"; sourceTree = "<group>"; };
		00F4801E2F2DD48D006FBD2A /* Pretendard-ExtraLight.otf */ = {isa = PBXFileReference; lastKnownFileType = file; path = "Pretendard-ExtraLight.otf"; sourceTree = "<group>"; };
		00F4801F2F2DD48D006FBD2A /* Pretendard-Light.otf */ = {isa = PBXFileReference; lastKnownFileType = file; path = "Pretendard-Light.otf"; sourceTree = "<group>"; };
		00F480202F2DD48D006FBD2A /* Pretendard-Medium.otf */ = {isa = PBXFileReference; lastKnownFileType = file; path = "Pretendard-Medium.otf"; sourceTree = "<group>"; };
		00F480212F2DD48D006FBD2A /* Pretendard-Regular.otf */ = {isa = PBXFileReference; lastKnownFileType = file; path = "Pretendard-Regular.otf"; sourceTree = "<group>"; };
		00F480222F2DD48D006FBD2A /* Pretendard-SemiBold.otf */ = {isa = PBXFileReference; lastKnownFileType = file; path = "Pretendard-SemiBold.otf"; sourceTree = "<group>"; };
		00F480232F2DD48D006FBD2A /* Pretendard-Thin.otf */ = {isa = PBXFileReference; lastKnownFileType = file; path = "Pretendard-Thin.otf"; sourceTree = "<group>"; };
		00F481712F2DD571006FBD2A /* UIFont+.swift */ = {isa = PBXFileReference; lastKnownFileType = sourcecode.swift; path = "UIFont+.swift"; sourceTree = "<group>"; };
		00F482422F2DDB9D006FBD2A /* UITextField+.swift */ = {isa = PBXFileReference; lastKnownFileType = sourcecode.swift; path = "UITextField+.swift"; sourceTree = "<group>"; };
		00F482442F2DDC1C006FBD2A /* UILabel+.swift */ = {isa = PBXFileReference; lastKnownFileType = sourcecode.swift; path = "UILabel+.swift"; sourceTree = "<group>"; };
		00F482462F2DDC48006FBD2A /* UIStackView+.swift */ = {isa = PBXFileReference; lastKnownFileType = sourcecode.swift; path = "UIStackView+.swift"; sourceTree = "<group>"; };
		00F482482F2DDC66006FBD2A /* UIView+.swift */ = {isa = PBXFileReference; lastKnownFileType = sourcecode.swift; path = "UIView+.swift"; sourceTree = "<group>"; };
		00F4824B2F2DDCD9006FBD2A /* BaseViewController.swift */ = {isa = PBXFileReference; lastKnownFileType = sourcecode.swift; path = BaseViewController.swift; sourceTree = "<group>"; };
		00F4824D2F2DDE09006FBD2A /* CALayer+.swift */ = {isa = PBXFileReference; lastKnownFileType = sourcecode.swift; path = "CALayer+.swift"; sourceTree = "<group>"; };
		7C16AA102F3ADED50071ABE6 /* UIColor+.swift */ = {isa = PBXFileReference; lastKnownFileType = sourcecode.swift; path = "UIColor+.swift"; sourceTree = "<group>"; };
		7C16AA162F3AE9E30071ABE6 /* SplashViewController.swift */ = {isa = PBXFileReference; lastKnownFileType = sourcecode.swift; path = SplashViewController.swift; sourceTree = "<group>"; };
		7C2A3F0F2F38ACCB00D102EE /* AppButton.swift */ = {isa = PBXFileReference; lastKnownFileType = sourcecode.swift; path = AppButton.swift; sourceTree = "<group>"; };
		7C2E31FB2F38DDA6006F08FE /* UIImage+.swift */ = {isa = PBXFileReference; lastKnownFileType = sourcecode.swift; path = "UIImage+.swift"; sourceTree = "<group>"; };
		7C61D2C72F2109B3005FAC3A /* dnd-14th-1-iOS.app */ = {isa = PBXFileReference; explicitFileType = wrapper.application; includeInIndex = 0; path = "dnd-14th-1-iOS.app"; sourceTree = BUILT_PRODUCTS_DIR; };
		7C61D2F52F210AAC005FAC3A /* AppDelegate.swift */ = {isa = PBXFileReference; lastKnownFileType = sourcecode.swift; path = AppDelegate.swift; sourceTree = "<group>"; };
		7C61D2F62F210AAC005FAC3A /* Assets.xcassets */ = {isa = PBXFileReference; lastKnownFileType = folder.assetcatalog; path = Assets.xcassets; sourceTree = "<group>"; };
		7C61D2F82F210AAC005FAC3A /* Info.plist */ = {isa = PBXFileReference; lastKnownFileType = text.plist.xml; path = Info.plist; sourceTree = "<group>"; };
		7C61D2F92F210AAC005FAC3A /* SceneDelegate.swift */ = {isa = PBXFileReference; lastKnownFileType = sourcecode.swift; path = SceneDelegate.swift; sourceTree = "<group>"; };
		7C9582A32F3561DC004F8523 /* OnboardingViewController.swift */ = {isa = PBXFileReference; lastKnownFileType = sourcecode.swift; path = OnboardingViewController.swift; sourceTree = "<group>"; };
		7C9582A52F3561F5004F8523 /* HomeTabbarController.swift */ = {isa = PBXFileReference; lastKnownFileType = sourcecode.swift; path = HomeTabbarController.swift; sourceTree = "<group>"; };
		7C9582A82F3562D0004F8523 /* LoginViewController.swift */ = {isa = PBXFileReference; lastKnownFileType = sourcecode.swift; path = LoginViewController.swift; sourceTree = "<group>"; };
		7C9582AD2F356608004F8523 /* CheckLoginUseCase.swift */ = {isa = PBXFileReference; lastKnownFileType = sourcecode.swift; path = CheckLoginUseCase.swift; sourceTree = "<group>"; };
		7CCB1E402F29B5ED00472669 /* Router.swift */ = {isa = PBXFileReference; lastKnownFileType = sourcecode.swift; path = Router.swift; sourceTree = "<group>"; };
		7CCB1E612F2DB56600472669 /* MockAPI.swift */ = {isa = PBXFileReference; lastKnownFileType = sourcecode.swift; path = MockAPI.swift; sourceTree = "<group>"; };
		7CCB1E662F2DB72A00472669 /* MockRequest.swift */ = {isa = PBXFileReference; lastKnownFileType = sourcecode.swift; path = MockRequest.swift; sourceTree = "<group>"; };
		7CCB1E712F2DD20300472669 /* KeychainWorker.swift */ = {isa = PBXFileReference; lastKnownFileType = sourcecode.swift; path = KeychainWorker.swift; sourceTree = "<group>"; };
/* End PBXFileReference section */

/* Begin PBXFrameworksBuildPhase section */
		7C61D2C42F2109B3005FAC3A /* Frameworks */ = {
			isa = PBXFrameworksBuildPhase;
			buildActionMask = 2147483647;
			files = (
				7CCB1E602F2DB2C900472669 /* SnapKit in Frameworks */,
				7CCB1E3C2F29B09C00472669 /* Alamofire in Frameworks */,
				7CCB1E5D2F2DB19600472669 /* Then in Frameworks */,
			);
			runOnlyForDeploymentPostprocessing = 0;
		};
/* End PBXFrameworksBuildPhase section */

/* Begin PBXGroup section */
		00F480192F2DD436006FBD2A /* Global */ = {
			isa = PBXGroup;
			children = (
				7C2A3F0E2F38AC9700D102EE /* DesignSystem */,
				00F4824A2F2DDCD5006FBD2A /* Base */,
				00F4801A2F2DD43D006FBD2A /* Extension */,
				7C9582B62F356FB4004F8523 /* Workers */,
			);
			path = Global;
			sourceTree = "<group>";
		};
		00F4801A2F2DD43D006FBD2A /* Extension */ = {
			isa = PBXGroup;
			children = (
				00F4824D2F2DDE09006FBD2A /* CALayer+.swift */,
				00F482482F2DDC66006FBD2A /* UIView+.swift */,
				00F482462F2DDC48006FBD2A /* UIStackView+.swift */,
				00F482442F2DDC1C006FBD2A /* UILabel+.swift */,
				00F482422F2DDB9D006FBD2A /* UITextField+.swift */,
				00F481712F2DD571006FBD2A /* UIFont+.swift */,
				7C2E31FB2F38DDA6006F08FE /* UIImage+.swift */,
				7C16AA102F3ADED50071ABE6 /* UIColor+.swift */,
			);
			path = Extension;
			sourceTree = "<group>";
		};
		00F480242F2DD48D006FBD2A /* Font */ = {
			isa = PBXGroup;
			children = (
				00F4801B2F2DD48D006FBD2A /* Pretendard-Black.otf */,
				00F4801C2F2DD48D006FBD2A /* Pretendard-Bold.otf */,
				00F4801D2F2DD48D006FBD2A /* Pretendard-ExtraBold.otf */,
				00F4801E2F2DD48D006FBD2A /* Pretendard-ExtraLight.otf */,
				00F4801F2F2DD48D006FBD2A /* Pretendard-Light.otf */,
				00F480202F2DD48D006FBD2A /* Pretendard-Medium.otf */,
				00F480212F2DD48D006FBD2A /* Pretendard-Regular.otf */,
				00F480222F2DD48D006FBD2A /* Pretendard-SemiBold.otf */,
				00F480232F2DD48D006FBD2A /* Pretendard-Thin.otf */,
			);
			path = Font;
			sourceTree = "<group>";
		};
		00F4824A2F2DDCD5006FBD2A /* Base */ = {
			isa = PBXGroup;
			children = (
				00F4824B2F2DDCD9006FBD2A /* BaseViewController.swift */,
			);
			path = Base;
			sourceTree = "<group>";
		};
		7C16AA152F3AE9D80071ABE6 /* Splash */ = {
			isa = PBXGroup;
			children = (
				7C16AA162F3AE9E30071ABE6 /* SplashViewController.swift */,
			);
			path = Splash;
			sourceTree = "<group>";
		};
		7C2A3F0E2F38AC9700D102EE /* DesignSystem */ = {
			isa = PBXGroup;
			children = (
				7C2A3F0F2F38ACCB00D102EE /* AppButton.swift */,
			);
			path = DesignSystem;
			sourceTree = "<group>";
		};
		7C61D2BE2F2109B3005FAC3A = {
			isa = PBXGroup;
			children = (
				7C61D2FB2F210AAC005FAC3A /* dnd-14th-1-iOS */,
				7C61D2C82F2109B3005FAC3A /* Products */,
			);
			sourceTree = "<group>";
		};
		7C61D2C82F2109B3005FAC3A /* Products */ = {
			isa = PBXGroup;
			children = (
				7C61D2C72F2109B3005FAC3A /* dnd-14th-1-iOS.app */,
			);
			name = Products;
			sourceTree = "<group>";
		};
		7C61D2FB2F210AAC005FAC3A /* dnd-14th-1-iOS */ = {
			isa = PBXGroup;
			children = (
				00F480192F2DD436006FBD2A /* Global */,
				00F47ED22F2DD155006FBD2A /* AppConfig.swift */,
				7C61D2F82F210AAC005FAC3A /* Info.plist */,
				7C61D3062F210B81005FAC3A /* Domain */,
				7C61D3072F210B8B005FAC3A /* Data */,
				7C61D3082F210B8E005FAC3A /* Presentation */,
				7C61D30F2F210C29005FAC3A /* Resources */,
				7C61D3112F210C40005FAC3A /* Apps */,
				00F47E022F2DD0D3006FBD2A /* Config-Dev.xcconfig */,
				00F480172F2DD2DE006FBD2A /* Config-Prod.xcconfig */,
			);
			path = "dnd-14th-1-iOS";
			sourceTree = "<group>";
		};
		7C61D3062F210B81005FAC3A /* Domain */ = {
			isa = PBXGroup;
			children = (
				7C61D3092F210BBF005FAC3A /* Model */,
				7C61D30A2F210BC5005FAC3A /* UseCase */,
				7C61D30B2F210BD8005FAC3A /* Repository */,
			);
			path = Domain;
			sourceTree = "<group>";
		};
		7C61D3072F210B8B005FAC3A /* Data */ = {
			isa = PBXGroup;
			children = (
				7C61D30C2F210BEE005FAC3A /* DTOs */,
				7C61D30D2F210BF4005FAC3A /* Service */,
				7C61D30E2F210BFD005FAC3A /* Repository */,
			);
			path = Data;
			sourceTree = "<group>";
		};
		7C61D3082F210B8E005FAC3A /* Presentation */ = {
			isa = PBXGroup;
			children = (
				7C16AA152F3AE9D80071ABE6 /* Splash */,
				7C9582A72F3562C7004F8523 /* Login */,
				7C9582A12F356147004F8523 /* Onboarding */,
				7C9582A22F356153004F8523 /* Home */,
			);
			path = Presentation;
			sourceTree = "<group>";
		};
		7C61D3092F210BBF005FAC3A /* Model */ = {
			isa = PBXGroup;
			children = (
			);
			path = Model;
			sourceTree = "<group>";
		};
		7C61D30A2F210BC5005FAC3A /* UseCase */ = {
			isa = PBXGroup;
			children = (
				7C9582AC2F356601004F8523 /* User */,
			);
			path = UseCase;
			sourceTree = "<group>";
		};
		7C61D30B2F210BD8005FAC3A /* Repository */ = {
			isa = PBXGroup;
			children = (
			);
			path = Repository;
			sourceTree = "<group>";
		};
		7C61D30C2F210BEE005FAC3A /* DTOs */ = {
			isa = PBXGroup;
			children = (
				7CCB1E642F2DB6A200472669 /* Decodable */,
				7CCB1E652F2DB6A200472669 /* Encodable */,
			);
			path = DTOs;
			sourceTree = "<group>";
		};
		7C61D30D2F210BF4005FAC3A /* Service */ = {
			isa = PBXGroup;
			children = (
				7CCB1E3F2F29B5E200472669 /* Network */,
			);
			path = Service;
			sourceTree = "<group>";
		};
		7C61D30E2F210BFD005FAC3A /* Repository */ = {
			isa = PBXGroup;
			children = (
			);
			path = Repository;
			sourceTree = "<group>";
		};
		7C61D30F2F210C29005FAC3A /* Resources */ = {
			isa = PBXGroup;
			children = (
				00F480242F2DD48D006FBD2A /* Font */,
				7C61D2F62F210AAC005FAC3A /* Assets.xcassets */,
			);
			path = Resources;
			sourceTree = "<group>";
		};
		7C61D3112F210C40005FAC3A /* Apps */ = {
			isa = PBXGroup;
			children = (
				7C61D2F52F210AAC005FAC3A /* AppDelegate.swift */,
				7C61D2F92F210AAC005FAC3A /* SceneDelegate.swift */,
			);
			path = Apps;
			sourceTree = "<group>";
		};
		7C9582A12F356147004F8523 /* Onboarding */ = {
			isa = PBXGroup;
			children = (
				7C9582A32F3561DC004F8523 /* OnboardingViewController.swift */,
			);
			path = Onboarding;
			sourceTree = "<group>";
		};
		7C9582A22F356153004F8523 /* Home */ = {
			isa = PBXGroup;
			children = (
				7C9582A52F3561F5004F8523 /* HomeTabbarController.swift */,
			);
			path = Home;
			sourceTree = "<group>";
		};
		7C9582A72F3562C7004F8523 /* Login */ = {
			isa = PBXGroup;
			children = (
				7C9582A82F3562D0004F8523 /* LoginViewController.swift */,
			);
			path = Login;
			sourceTree = "<group>";
		};
		7C9582AC2F356601004F8523 /* User */ = {
			isa = PBXGroup;
			children = (
				7C9582AD2F356608004F8523 /* CheckLoginUseCase.swift */,
			);
			path = User;
			sourceTree = "<group>";
		};
		7C9582B62F356FB4004F8523 /* Workers */ = {
			isa = PBXGroup;
			children = (
				7CCB1E712F2DD20300472669 /* KeychainWorker.swift */,
			);
			path = Workers;
			sourceTree = "<group>";
		};
		7CCB1E3E2F29B5E200472669 /* API */ = {
			isa = PBXGroup;
			children = (
				7CCB1E612F2DB56600472669 /* MockAPI.swift */,
			);
			path = API;
			sourceTree = "<group>";
		};
		7CCB1E3F2F29B5E200472669 /* Network */ = {
			isa = PBXGroup;
			children = (
				7CCB1E3E2F29B5E200472669 /* API */,
				7CCB1E402F29B5ED00472669 /* Router.swift */,
			);
			path = Network;
			sourceTree = "<group>";
		};
		7CCB1E642F2DB6A200472669 /* Decodable */ = {
			isa = PBXGroup;
			children = (
			);
			path = Decodable;
			sourceTree = "<group>";
		};
		7CCB1E652F2DB6A200472669 /* Encodable */ = {
			isa = PBXGroup;
			children = (
				7CCB1E662F2DB72A00472669 /* MockRequest.swift */,
			);
			path = Encodable;
			sourceTree = "<group>";
		};
/* End PBXGroup section */

/* Begin PBXNativeTarget section */
		7C61D2C62F2109B3005FAC3A /* dnd-14th-1-iOS */ = {
			isa = PBXNativeTarget;
			buildConfigurationList = 7C61D2DA2F2109B4005FAC3A /* Build configuration list for PBXNativeTarget "dnd-14th-1-iOS" */;
			buildPhases = (
				7C61D2C32F2109B3005FAC3A /* Sources */,
				7C61D2C42F2109B3005FAC3A /* Frameworks */,
				7C61D2C52F2109B3005FAC3A /* Resources */,
			);
			buildRules = (
			);
			dependencies = (
			);
			name = "dnd-14th-1-iOS";
			packageProductDependencies = (
				7CCB1E3B2F29B09C00472669 /* Alamofire */,
				7CCB1E5C2F2DB19600472669 /* Then */,
				7CCB1E5F2F2DB2C900472669 /* SnapKit */,
			);
			productName = "dnd-14th-1-iOS";
			productReference = 7C61D2C72F2109B3005FAC3A /* dnd-14th-1-iOS.app */;
			productType = "com.apple.product-type.application";
		};
/* End PBXNativeTarget section */

/* Begin PBXProject section */
		7C61D2BF2F2109B3005FAC3A /* Project object */ = {
			isa = PBXProject;
			attributes = {
				BuildIndependentTargetsInParallel = 1;
				LastSwiftUpdateCheck = 2620;
				LastUpgradeCheck = 2620;
				TargetAttributes = {
					7C61D2C62F2109B3005FAC3A = {
						CreatedOnToolsVersion = 26.2;
					};
				};
			};
			buildConfigurationList = 7C61D2C22F2109B3005FAC3A /* Build configuration list for PBXProject "dnd-14th-1-iOS" */;
			developmentRegion = ko;
			hasScannedForEncodings = 0;
			knownRegions = (
				Base,
				ko,
			);
			mainGroup = 7C61D2BE2F2109B3005FAC3A;
			minimizedProjectReferenceProxies = 1;
			packageReferences = (
				7CCB1E3A2F29B09C00472669 /* XCRemoteSwiftPackageReference "Alamofire" */,
				7CCB1E5B2F2DB19600472669 /* XCRemoteSwiftPackageReference "Then" */,
				7CCB1E5E2F2DB2C900472669 /* XCRemoteSwiftPackageReference "SnapKit" */,
			);
			preferredProjectObjectVersion = 77;
			productRefGroup = 7C61D2C82F2109B3005FAC3A /* Products */;
			projectDirPath = "";
			projectRoot = "";
			targets = (
				7C61D2C62F2109B3005FAC3A /* dnd-14th-1-iOS */,
			);
		};
/* End PBXProject section */

/* Begin PBXResourcesBuildPhase section */
		7C61D2C52F2109B3005FAC3A /* Resources */ = {
			isa = PBXResourcesBuildPhase;
			buildActionMask = 2147483647;
			files = (
				7C61D3012F210AAC005FAC3A /* Assets.xcassets in Resources */,
				00F480252F2DD48D006FBD2A /* Pretendard-Regular.otf in Resources */,
				00F480262F2DD48D006FBD2A /* Pretendard-ExtraLight.otf in Resources */,
				00F480272F2DD48D006FBD2A /* Pretendard-Thin.otf in Resources */,
				00F480282F2DD48D006FBD2A /* Pretendard-Black.otf in Resources */,
				00F480292F2DD48D006FBD2A /* Pretendard-ExtraBold.otf in Resources */,
				00F4802A2F2DD48D006FBD2A /* Pretendard-Light.otf in Resources */,
				00F4802B2F2DD48D006FBD2A /* Pretendard-Bold.otf in Resources */,
				00F4802C2F2DD48D006FBD2A /* Pretendard-Medium.otf in Resources */,
				00F4802D2F2DD48D006FBD2A /* Pretendard-SemiBold.otf in Resources */,
				00F480182F2DD2DE006FBD2A /* Config-Prod.xcconfig in Resources */,
			);
			runOnlyForDeploymentPostprocessing = 0;
		};
/* End PBXResourcesBuildPhase section */

/* Begin PBXSourcesBuildPhase section */
		7C61D2C32F2109B3005FAC3A /* Sources */ = {
			isa = PBXSourcesBuildPhase;
			buildActionMask = 2147483647;
			files = (
				7C9582A92F3562D0004F8523 /* LoginViewController.swift in Sources */,
				7CCB1E412F29B5ED00472669 /* Router.swift in Sources */,
				7C61D2FE2F210AAC005FAC3A /* AppDelegate.swift in Sources */,
				00F47ED32F2DD1A5006FBD2A /* AppConfig.swift in Sources */,
				00F481722F2DD574006FBD2A /* UIFont+.swift in Sources */,
				00F482432F2DDBA1006FBD2A /* UITextField+.swift in Sources */,
				7C2A3F102F38ACCB00D102EE /* AppButton.swift in Sources */,
				00F482452F2DDC20006FBD2A /* UILabel+.swift in Sources */,
				00F4824C2F2DDCE2006FBD2A /* BaseViewController.swift in Sources */,
				7C61D2FF2F210AAC005FAC3A /* SceneDelegate.swift in Sources */,
				7C9582A42F3561DC004F8523 /* OnboardingViewController.swift in Sources */,
				7CCB1E622F2DB56600472669 /* MockAPI.swift in Sources */,
				7C9582A62F3561F5004F8523 /* HomeTabbarController.swift in Sources */,
				7CCB1E672F2DB72A00472669 /* MockRequest.swift in Sources */,
				7C16AA112F3ADED50071ABE6 /* UIColor+.swift in Sources */,
				7C2E31FC2F38DDA6006F08FE /* UIImage+.swift in Sources */,
				7C9582AE2F356608004F8523 /* CheckLoginUseCase.swift in Sources */,
				7CCB1E722F2DD20300472669 /* KeychainWorker.swift in Sources */,
				00F482492F2DDC69006FBD2A /* UIView+.swift in Sources */,
				00F482472F2DDC4F006FBD2A /* UIStackView+.swift in Sources */,
				00F4824E2F2DDE0C006FBD2A /* CALayer+.swift in Sources */,
				7C16AA172F3AE9E30071ABE6 /* SplashViewController.swift in Sources */,
			);
			runOnlyForDeploymentPostprocessing = 0;
		};
/* End PBXSourcesBuildPhase section */

/* Begin XCBuildConfiguration section */
		7C61D2DB2F2109B4005FAC3A /* Debug */ = {
			isa = XCBuildConfiguration;
			baseConfigurationReference = 00F47E022F2DD0D3006FBD2A /* Config-Dev.xcconfig */;
			buildSettings = {
				ASSETCATALOG_COMPILER_APPICON_NAME = AppIcon;
				ASSETCATALOG_COMPILER_GLOBAL_ACCENT_COLOR_NAME = AccentColor;
				CODE_SIGN_STYLE = Automatic;
				CURRENT_PROJECT_VERSION = 1;
				DEVELOPMENT_TEAM = 7UL55F8A57;
				GENERATE_INFOPLIST_FILE = YES;
				INFOPLIST_FILE = "dnd-14th-1-iOS/Info.plist";
				INFOPLIST_KEY_CFBundleDisplayName = "14th-1-iOS";
				INFOPLIST_KEY_UIApplicationSupportsIndirectInputEvents = YES;
				INFOPLIST_KEY_UILaunchStoryboardName = LaunchScreen;
				INFOPLIST_KEY_UIStatusBarStyle = "";
				INFOPLIST_KEY_UISupportedInterfaceOrientations = UIInterfaceOrientationPortrait;
				IPHONEOS_DEPLOYMENT_TARGET = 18.0;
				LD_RUNPATH_SEARCH_PATHS = (
					"$(inherited)",
					"@executable_path/Frameworks",
				);
				MARKETING_VERSION = 1.0;
				PRODUCT_BUNDLE_IDENTIFIER = "ac.dnd-14th-1-iOS";
				PRODUCT_NAME = "$(TARGET_NAME)";
				STRING_CATALOG_GENERATE_SYMBOLS = YES;
				SUPPORTED_PLATFORMS = "iphoneos iphonesimulator";
				SUPPORTS_MACCATALYST = NO;
				SUPPORTS_MAC_DESIGNED_FOR_IPHONE_IPAD = NO;
				SUPPORTS_XR_DESIGNED_FOR_IPHONE_IPAD = NO;
				SWIFT_APPROACHABLE_CONCURRENCY = YES;
				SWIFT_DEFAULT_ACTOR_ISOLATION = MainActor;
				SWIFT_EMIT_LOC_STRINGS = YES;
				SWIFT_UPCOMING_FEATURE_MEMBER_IMPORT_VISIBILITY = YES;
				SWIFT_VERSION = 5.0;
				TARGETED_DEVICE_FAMILY = 1;
			};
			name = Debug;
		};
		7C61D2DC2F2109B4005FAC3A /* Release */ = {
			isa = XCBuildConfiguration;
			baseConfigurationReference = 00F480172F2DD2DE006FBD2A /* Config-Prod.xcconfig */;
			buildSettings = {
				ASSETCATALOG_COMPILER_APPICON_NAME = AppIcon;
				ASSETCATALOG_COMPILER_GLOBAL_ACCENT_COLOR_NAME = AccentColor;
				CODE_SIGN_STYLE = Automatic;
				CURRENT_PROJECT_VERSION = 1;
				DEVELOPMENT_TEAM = 7UL55F8A57;
				GENERATE_INFOPLIST_FILE = YES;
				INFOPLIST_FILE = "dnd-14th-1-iOS/Info.plist";
				INFOPLIST_KEY_CFBundleDisplayName = "14th-1-iOS";
				INFOPLIST_KEY_UIApplicationSupportsIndirectInputEvents = YES;
				INFOPLIST_KEY_UILaunchStoryboardName = LaunchScreen;
				INFOPLIST_KEY_UIStatusBarStyle = "";
				INFOPLIST_KEY_UISupportedInterfaceOrientations = UIInterfaceOrientationPortrait;
				IPHONEOS_DEPLOYMENT_TARGET = 18.0;
				LD_RUNPATH_SEARCH_PATHS = (
					"$(inherited)",
					"@executable_path/Frameworks",
				);
				MARKETING_VERSION = 1.0;
				PRODUCT_BUNDLE_IDENTIFIER = "ac.dnd-14th-1-iOS";
				PRODUCT_NAME = "$(TARGET_NAME)";
				STRING_CATALOG_GENERATE_SYMBOLS = YES;
				SUPPORTED_PLATFORMS = "iphoneos iphonesimulator";
				SUPPORTS_MACCATALYST = NO;
				SUPPORTS_MAC_DESIGNED_FOR_IPHONE_IPAD = NO;
				SUPPORTS_XR_DESIGNED_FOR_IPHONE_IPAD = NO;
				SWIFT_APPROACHABLE_CONCURRENCY = YES;
				SWIFT_DEFAULT_ACTOR_ISOLATION = MainActor;
				SWIFT_EMIT_LOC_STRINGS = YES;
				SWIFT_UPCOMING_FEATURE_MEMBER_IMPORT_VISIBILITY = YES;
				SWIFT_VERSION = 5.0;
				TARGETED_DEVICE_FAMILY = 1;
			};
			name = Release;
		};
		7C61D2DD2F2109B4005FAC3A /* Debug */ = {
			isa = XCBuildConfiguration;
			baseConfigurationReference = 00F47E022F2DD0D3006FBD2A /* Config-Dev.xcconfig */;
			buildSettings = {
				ALWAYS_SEARCH_USER_PATHS = NO;
				ASSETCATALOG_COMPILER_GENERATE_SWIFT_ASSET_SYMBOL_EXTENSIONS = YES;
				CLANG_ANALYZER_NONNULL = YES;
				CLANG_ANALYZER_NUMBER_OBJECT_CONVERSION = YES_AGGRESSIVE;
				CLANG_CXX_LANGUAGE_STANDARD = "gnu++20";
				CLANG_ENABLE_MODULES = YES;
				CLANG_ENABLE_OBJC_ARC = YES;
				CLANG_ENABLE_OBJC_WEAK = YES;
				CLANG_WARN_BLOCK_CAPTURE_AUTORELEASING = YES;
				CLANG_WARN_BOOL_CONVERSION = YES;
				CLANG_WARN_COMMA = YES;
				CLANG_WARN_CONSTANT_CONVERSION = YES;
				CLANG_WARN_DEPRECATED_OBJC_IMPLEMENTATIONS = YES;
				CLANG_WARN_DIRECT_OBJC_ISA_USAGE = YES_ERROR;
				CLANG_WARN_DOCUMENTATION_COMMENTS = YES;
				CLANG_WARN_EMPTY_BODY = YES;
				CLANG_WARN_ENUM_CONVERSION = YES;
				CLANG_WARN_INFINITE_RECURSION = YES;
				CLANG_WARN_INT_CONVERSION = YES;
				CLANG_WARN_NON_LITERAL_NULL_CONVERSION = YES;
				CLANG_WARN_OBJC_IMPLICIT_RETAIN_SELF = YES;
				CLANG_WARN_OBJC_LITERAL_CONVERSION = YES;
				CLANG_WARN_OBJC_ROOT_CLASS = YES_ERROR;
				CLANG_WARN_QUOTED_INCLUDE_IN_FRAMEWORK_HEADER = YES;
				CLANG_WARN_RANGE_LOOP_ANALYSIS = YES;
				CLANG_WARN_STRICT_PROTOTYPES = YES;
				CLANG_WARN_SUSPICIOUS_MOVE = YES;
				CLANG_WARN_UNGUARDED_AVAILABILITY = YES_AGGRESSIVE;
				CLANG_WARN_UNREACHABLE_CODE = YES;
				CLANG_WARN__DUPLICATE_METHOD_MATCH = YES;
				COPY_PHASE_STRIP = NO;
				DEBUG_INFORMATION_FORMAT = dwarf;
				ENABLE_STRICT_OBJC_MSGSEND = YES;
				ENABLE_TESTABILITY = YES;
				ENABLE_USER_SCRIPT_SANDBOXING = YES;
				GCC_C_LANGUAGE_STANDARD = gnu17;
				GCC_DYNAMIC_NO_PIC = NO;
				GCC_NO_COMMON_BLOCKS = YES;
				GCC_OPTIMIZATION_LEVEL = 0;
				GCC_PREPROCESSOR_DEFINITIONS = (
					"DEBUG=1",
					"$(inherited)",
				);
				GCC_WARN_64_TO_32_BIT_CONVERSION = YES;
				GCC_WARN_ABOUT_RETURN_TYPE = YES_ERROR;
				GCC_WARN_UNDECLARED_SELECTOR = YES;
				GCC_WARN_UNINITIALIZED_AUTOS = YES_AGGRESSIVE;
				GCC_WARN_UNUSED_FUNCTION = YES;
				GCC_WARN_UNUSED_VARIABLE = YES;
				IPHONEOS_DEPLOYMENT_TARGET = 18.6;
				LOCALIZATION_PREFERS_STRING_CATALOGS = YES;
				MTL_ENABLE_DEBUG_INFO = INCLUDE_SOURCE;
				MTL_FAST_MATH = YES;
				ONLY_ACTIVE_ARCH = YES;
				SDKROOT = iphoneos;
				SWIFT_ACTIVE_COMPILATION_CONDITIONS = "DEBUG $(inherited)";
				SWIFT_OPTIMIZATION_LEVEL = "-Onone";
			};
			name = Debug;
		};
		7C61D2DE2F2109B4005FAC3A /* Release */ = {
			isa = XCBuildConfiguration;
			baseConfigurationReference = 00F480172F2DD2DE006FBD2A /* Config-Prod.xcconfig */;
			buildSettings = {
				ALWAYS_SEARCH_USER_PATHS = NO;
				ASSETCATALOG_COMPILER_GENERATE_SWIFT_ASSET_SYMBOL_EXTENSIONS = YES;
				CLANG_ANALYZER_NONNULL = YES;
				CLANG_ANALYZER_NUMBER_OBJECT_CONVERSION = YES_AGGRESSIVE;
				CLANG_CXX_LANGUAGE_STANDARD = "gnu++20";
				CLANG_ENABLE_MODULES = YES;
				CLANG_ENABLE_OBJC_ARC = YES;
				CLANG_ENABLE_OBJC_WEAK = YES;
				CLANG_WARN_BLOCK_CAPTURE_AUTORELEASING = YES;
				CLANG_WARN_BOOL_CONVERSION = YES;
				CLANG_WARN_COMMA = YES;
				CLANG_WARN_CONSTANT_CONVERSION = YES;
				CLANG_WARN_DEPRECATED_OBJC_IMPLEMENTATIONS = YES;
				CLANG_WARN_DIRECT_OBJC_ISA_USAGE = YES_ERROR;
				CLANG_WARN_DOCUMENTATION_COMMENTS = YES;
				CLANG_WARN_EMPTY_BODY = YES;
				CLANG_WARN_ENUM_CONVERSION = YES;
				CLANG_WARN_INFINITE_RECURSION = YES;
				CLANG_WARN_INT_CONVERSION = YES;
				CLANG_WARN_NON_LITERAL_NULL_CONVERSION = YES;
				CLANG_WARN_OBJC_IMPLICIT_RETAIN_SELF = YES;
				CLANG_WARN_OBJC_LITERAL_CONVERSION = YES;
				CLANG_WARN_OBJC_ROOT_CLASS = YES_ERROR;
				CLANG_WARN_QUOTED_INCLUDE_IN_FRAMEWORK_HEADER = YES;
				CLANG_WARN_RANGE_LOOP_ANALYSIS = YES;
				CLANG_WARN_STRICT_PROTOTYPES = YES;
				CLANG_WARN_SUSPICIOUS_MOVE = YES;
				CLANG_WARN_UNGUARDED_AVAILABILITY = YES_AGGRESSIVE;
				CLANG_WARN_UNREACHABLE_CODE = YES;
				CLANG_WARN__DUPLICATE_METHOD_MATCH = YES;
				COPY_PHASE_STRIP = NO;
				DEBUG_INFORMATION_FORMAT = "dwarf-with-dsym";
				ENABLE_NS_ASSERTIONS = NO;
				ENABLE_STRICT_OBJC_MSGSEND = YES;
				ENABLE_USER_SCRIPT_SANDBOXING = YES;
				GCC_C_LANGUAGE_STANDARD = gnu17;
				GCC_NO_COMMON_BLOCKS = YES;
				GCC_WARN_64_TO_32_BIT_CONVERSION = YES;
				GCC_WARN_ABOUT_RETURN_TYPE = YES_ERROR;
				GCC_WARN_UNDECLARED_SELECTOR = YES;
				GCC_WARN_UNINITIALIZED_AUTOS = YES_AGGRESSIVE;
				GCC_WARN_UNUSED_FUNCTION = YES;
				GCC_WARN_UNUSED_VARIABLE = YES;
				IPHONEOS_DEPLOYMENT_TARGET = 18.6;
				LOCALIZATION_PREFERS_STRING_CATALOGS = YES;
				MTL_ENABLE_DEBUG_INFO = NO;
				MTL_FAST_MATH = YES;
				SDKROOT = iphoneos;
				SWIFT_COMPILATION_MODE = wholemodule;
				VALIDATE_PRODUCT = YES;
			};
			name = Release;
		};
/* End XCBuildConfiguration section */

/* Begin XCConfigurationList section */
		7C61D2C22F2109B3005FAC3A /* Build configuration list for PBXProject "dnd-14th-1-iOS" */ = {
			isa = XCConfigurationList;
			buildConfigurations = (
				7C61D2DD2F2109B4005FAC3A /* Debug */,
				7C61D2DE2F2109B4005FAC3A /* Release */,
			);
			defaultConfigurationIsVisible = 0;
			defaultConfigurationName = Release;
		};
		7C61D2DA2F2109B4005FAC3A /* Build configuration list for PBXNativeTarget "dnd-14th-1-iOS" */ = {
			isa = XCConfigurationList;
			buildConfigurations = (
				7C61D2DB2F2109B4005FAC3A /* Debug */,
				7C61D2DC2F2109B4005FAC3A /* Release */,
			);
			defaultConfigurationIsVisible = 0;
			defaultConfigurationName = Release;
		};
/* End XCConfigurationList section */

/* Begin XCRemoteSwiftPackageReference section */
		7CCB1E3A2F29B09C00472669 /* XCRemoteSwiftPackageReference "Alamofire" */ = {
			isa = XCRemoteSwiftPackageReference;
			repositoryURL = "https://github.com/Alamofire/Alamofire";
			requirement = {
				kind = upToNextMajorVersion;
				minimumVersion = 5.11.0;
			};
		};
		7CCB1E5B2F2DB19600472669 /* XCRemoteSwiftPackageReference "Then" */ = {
			isa = XCRemoteSwiftPackageReference;
			repositoryURL = "https://github.com/devxoul/Then";
			requirement = {
				kind = upToNextMajorVersion;
				minimumVersion = 3.0.0;
			};
		};
		7CCB1E5E2F2DB2C900472669 /* XCRemoteSwiftPackageReference "SnapKit" */ = {
			isa = XCRemoteSwiftPackageReference;
			repositoryURL = "https://github.com/SnapKit/SnapKit";
			requirement = {
				kind = upToNextMajorVersion;
				minimumVersion = 5.7.1;
			};
		};
/* End XCRemoteSwiftPackageReference section */

/* Begin XCSwiftPackageProductDependency section */
		7CCB1E3B2F29B09C00472669 /* Alamofire */ = {
			isa = XCSwiftPackageProductDependency;
			package = 7CCB1E3A2F29B09C00472669 /* XCRemoteSwiftPackageReference "Alamofire" */;
			productName = Alamofire;
		};
		7CCB1E5C2F2DB19600472669 /* Then */ = {
			isa = XCSwiftPackageProductDependency;
			package = 7CCB1E5B2F2DB19600472669 /* XCRemoteSwiftPackageReference "Then" */;
			productName = Then;
		};
		7CCB1E5F2F2DB2C900472669 /* SnapKit */ = {
			isa = XCSwiftPackageProductDependency;
			package = 7CCB1E5E2F2DB2C900472669 /* XCRemoteSwiftPackageReference "SnapKit" */;
			productName = SnapKit;
		};
/* End XCSwiftPackageProductDependency section */
	};
	rootObject = 7C61D2BF2F2109B3005FAC3A /* Project object */;
}
