// !$*UTF8*$!
{
	archiveVersion = 1;
	classes = {
	};
	objectVersion = 77;
	objects = {

/* Begin PBXBuildFile section */
		00113F0D2F42FFA000D4CC37 /* UIColor+.swift in Sources */ = {isa = PBXBuildFile; fileRef = 00113F0C2F42FFA000D4CC37 /* UIColor+.swift */; };
		00113F132F42FFFD00D4CC37 /* OnboardingCollectionView.swift in Sources */ = {isa = PBXBuildFile; fileRef = 00113F0E2F42FFFD00D4CC37 /* OnboardingCollectionView.swift */; };
		00113F142F42FFFD00D4CC37 /* OnBoardingPageControl.swift in Sources */ = {isa = PBXBuildFile; fileRef = 00113F112F42FFFD00D4CC37 /* OnBoardingPageControl.swift */; };
		00113F152F42FFFD00D4CC37 /* OnboardingCollectionViewCell.swift in Sources */ = {isa = PBXBuildFile; fileRef = 00113F0F2F42FFFD00D4CC37 /* OnboardingCollectionViewCell.swift */; };
		00113F182F43005300D4CC37 /* OnboardingItem.swift in Sources */ = {isa = PBXBuildFile; fileRef = 00113F162F43005300D4CC37 /* OnboardingItem.swift */; };
		00113F1A2F43007200D4CC37 /* UICollectionViewCell+.swift in Sources */ = {isa = PBXBuildFile; fileRef = 00113F192F43007200D4CC37 /* UICollectionViewCell+.swift */; };
		00113F1D2F43008C00D4CC37 /* SplashViewController.swift in Sources */ = {isa = PBXBuildFile; fileRef = 00113F1B2F43008C00D4CC37 /* SplashViewController.swift */; };
		00113F2F2F43012700D4CC37 /* OnboardingCoordinator.swift in Sources */ = {isa = PBXBuildFile; fileRef = 00113F2E2F43012200D4CC37 /* OnboardingCoordinator.swift */; };
		00113F7B2F430A0700D4CC37 /* ViewModelType.swift in Sources */ = {isa = PBXBuildFile; fileRef = 00113F792F430A0700D4CC37 /* ViewModelType.swift */; };
		00113F7D2F430A1400D4CC37 /* AppChipButton.swift in Sources */ = {isa = PBXBuildFile; fileRef = 00113F7C2F430A1400D4CC37 /* AppChipButton.swift */; };
		00113F802F430A3E00D4CC37 /* Hakgyoansim Dunggeunmiso OTF R.otf in Resources */ = {isa = PBXBuildFile; fileRef = 00113F7F2F430A3E00D4CC37 /* Hakgyoansim Dunggeunmiso OTF R.otf */; };
		00113F812F430A3E00D4CC37 /* Hakgyoansim Dunggeunmiso OTF B.otf in Resources */ = {isa = PBXBuildFile; fileRef = 00113F7E2F430A3E00D4CC37 /* Hakgyoansim Dunggeunmiso OTF B.otf */; };
		0027D9E32F4054B5000DE576 /* AppCoordinator.swift in Sources */ = {isa = PBXBuildFile; fileRef = 0027D9E12F4054B2000DE576 /* AppCoordinator.swift */; };
		0027D9E62F4055E7000DE576 /* TabBarCoordinator.swift in Sources */ = {isa = PBXBuildFile; fileRef = 0027D9E42F4055DE000DE576 /* TabBarCoordinator.swift */; };
		0027D9E92F405700000DE576 /* LoginCoordinator.swift in Sources */ = {isa = PBXBuildFile; fileRef = 0027D9E72F4056FD000DE576 /* LoginCoordinator.swift */; };
		0027D9F62F408E7C000DE576 /* TabBarView.swift in Sources */ = {isa = PBXBuildFile; fileRef = 0027D9F52F408E79000DE576 /* TabBarView.swift */; };
		0036FDC92F4DB83A00200357 /* Lottie in Frameworks */ = {isa = PBXBuildFile; productRef = 0036FDC82F4DB83A00200357 /* Lottie */; };
		0036FE162F4DBA0400200357 /* loadinganimat.json in Resources */ = {isa = PBXBuildFile; fileRef = 0036FE122F4DBA0400200357 /* loadinganimat.json */; };
		0036FE172F4DBA0400200357 /* lottie_failerror.json in Resources */ = {isa = PBXBuildFile; fileRef = 0036FE132F4DBA0400200357 /* lottie_failerror.json */; };
		0036FE182F4DBA0400200357 /* glacier4.json in Resources */ = {isa = PBXBuildFile; fileRef = 0036FE102F4DBA0400200357 /* glacier4.json */; };
		0036FE192F4DBA0400200357 /* glacier5.json in Resources */ = {isa = PBXBuildFile; fileRef = 0036FE112F4DBA0400200357 /* glacier5.json */; };
		0036FE1A2F4DBA0400200357 /* glacier3.json in Resources */ = {isa = PBXBuildFile; fileRef = 0036FE0F2F4DBA0400200357 /* glacier3.json */; };
		0036FE1B2F4DBA0400200357 /* lottie_finisheditor.json in Resources */ = {isa = PBXBuildFile; fileRef = 0036FE142F4DBA0400200357 /* lottie_finisheditor.json */; };
		0036FE1C2F4DBA0400200357 /* glacier2.json in Resources */ = {isa = PBXBuildFile; fileRef = 0036FE0E2F4DBA0400200357 /* glacier2.json */; };
		00D1E81A2F3B85DF00D86F23 /* TabBarItem.swift in Sources */ = {isa = PBXBuildFile; fileRef = 00D1E8192F3B85D700D86F23 /* TabBarItem.swift */; };
		00F47ED32F2DD1A5006FBD2A /* AppConfig.swift in Sources */ = {isa = PBXBuildFile; fileRef = 00F47ED22F2DD155006FBD2A /* AppConfig.swift */; };
		00F480182F2DD2DE006FBD2A /* Config-Prod.xcconfig in Resources */ = {isa = PBXBuildFile; fileRef = 00F480172F2DD2DE006FBD2A /* Config-Prod.xcconfig */; };
		00F480252F2DD48D006FBD2A /* Pretendard-Regular.otf in Resources */ = {isa = PBXBuildFile; fileRef = 00F480212F2DD48D006FBD2A /* Pretendard-Regular.otf */; };
		00F480262F2DD48D006FBD2A /* Pretendard-ExtraLight.otf in Resources */ = {isa = PBXBuildFile; fileRef = 00F4801E2F2DD48D006FBD2A /* Pretendard-ExtraLight.otf */; };
		00F480272F2DD48D006FBD2A /* Pretendard-Thin.otf in Resources */ = {isa = PBXBuildFile; fileRef = 00F480232F2DD48D006FBD2A /* Pretendard-Thin.otf */; };
		00F480282F2DD48D006FBD2A /* Pretendard-Black.otf in Resources */ = {isa = PBXBuildFile; fileRef = 00F4801B2F2DD48D006FBD2A /* Pretendard-Black.otf */; };
		00F480292F2DD48D006FBD2A /* Pretendard-ExtraBold.otf in Resources */ = {isa = PBXBuildFile; fileRef = 00F4801D2F2DD48D006FBD2A /* Pretendard-ExtraBold.otf */; };
		00F4802A2F2DD48D006FBD2A /* Pretendard-Light.otf in Resources */ = {isa = PBXBuildFile; fileRef = 00F4801F2F2DD48D006FBD2A /* Pretendard-Light.otf */; };
		00F4802B2F2DD48D006FBD2A /* Pretendard-Bold.otf in Resources */ = {isa = PBXBuildFile; fileRef = 00F4801C2F2DD48D006FBD2A /* Pretendard-Bold.otf */; };
		00F4802C2F2DD48D006FBD2A /* Pretendard-Medium.otf in Resources */ = {isa = PBXBuildFile; fileRef = 00F480202F2DD48D006FBD2A /* Pretendard-Medium.otf */; };
		00F4802D2F2DD48D006FBD2A /* Pretendard-SemiBold.otf in Resources */ = {isa = PBXBuildFile; fileRef = 00F480222F2DD48D006FBD2A /* Pretendard-SemiBold.otf */; };
		00F481722F2DD574006FBD2A /* UIFont+.swift in Sources */ = {isa = PBXBuildFile; fileRef = 00F481712F2DD571006FBD2A /* UIFont+.swift */; };
		00F482432F2DDBA1006FBD2A /* UITextField+.swift in Sources */ = {isa = PBXBuildFile; fileRef = 00F482422F2DDB9D006FBD2A /* UITextField+.swift */; };
		00F482452F2DDC20006FBD2A /* UILabel+.swift in Sources */ = {isa = PBXBuildFile; fileRef = 00F482442F2DDC1C006FBD2A /* UILabel+.swift */; };
		00F482472F2DDC4F006FBD2A /* UIStackView+.swift in Sources */ = {isa = PBXBuildFile; fileRef = 00F482462F2DDC48006FBD2A /* UIStackView+.swift */; };
		00F482492F2DDC69006FBD2A /* UIView+.swift in Sources */ = {isa = PBXBuildFile; fileRef = 00F482482F2DDC66006FBD2A /* UIView+.swift */; };
		00F4824C2F2DDCE2006FBD2A /* BaseViewController.swift in Sources */ = {isa = PBXBuildFile; fileRef = 00F4824B2F2DDCD9006FBD2A /* BaseViewController.swift */; };
		00F4824E2F2DDE0C006FBD2A /* CALayer+.swift in Sources */ = {isa = PBXBuildFile; fileRef = 00F4824D2F2DDE09006FBD2A /* CALayer+.swift */; };
		7C01072A2F439D3E0005AC1D /* SettingCoordinator.swift in Sources */ = {isa = PBXBuildFile; fileRef = 7C0107262F439D3E0005AC1D /* SettingCoordinator.swift */; };
		7C01072B2F439D3E0005AC1D /* SettingViewController.swift in Sources */ = {isa = PBXBuildFile; fileRef = 7C0107272F439D3E0005AC1D /* SettingViewController.swift */; };
		7C01072C2F439D3E0005AC1D /* SettingViewModel.swift in Sources */ = {isa = PBXBuildFile; fileRef = 7C0107282F439D3E0005AC1D /* SettingViewModel.swift */; };
		7C0107312F439E800005AC1D /* FetchUserProfileUseCase.swift in Sources */ = {isa = PBXBuildFile; fileRef = 7C0107302F439E800005AC1D /* FetchUserProfileUseCase.swift */; };
		7C0107342F439E9A0005AC1D /* UserProfile.swift in Sources */ = {isa = PBXBuildFile; fileRef = 7C0107332F439E9A0005AC1D /* UserProfile.swift */; };
		7C0107372F43A92B0005AC1D /* Kingfisher in Frameworks */ = {isa = PBXBuildFile; productRef = 7C0107362F43A92B0005AC1D /* Kingfisher */; };
		7C0107392F43A9B40005AC1D /* UIImageView+.swift in Sources */ = {isa = PBXBuildFile; fileRef = 7C0107382F43A9B40005AC1D /* UIImageView+.swift */; };
		7C01073D2F43B4C30005AC1D /* ChangeBadgeView.swift in Sources */ = {isa = PBXBuildFile; fileRef = 7C01073C2F43B4C30005AC1D /* ChangeBadgeView.swift */; };
		7C01073F2F43B6870005AC1D /* ChangeBadgeCollectionView.swift in Sources */ = {isa = PBXBuildFile; fileRef = 7C01073E2F43B6870005AC1D /* ChangeBadgeCollectionView.swift */; };
		7C0107422F43B6930005AC1D /* ChangeBadgeCollectionViewCell.swift in Sources */ = {isa = PBXBuildFile; fileRef = 7C0107412F43B6930005AC1D /* ChangeBadgeCollectionViewCell.swift */; };
		7C0107462F43B6F80005AC1D /* Badge.swift in Sources */ = {isa = PBXBuildFile; fileRef = 7C0107452F43B6F80005AC1D /* Badge.swift */; };
		7C0107482F44D3EE0005AC1D /* FetchBadgeListUseCase.swift in Sources */ = {isa = PBXBuildFile; fileRef = 7C0107472F44D3EE0005AC1D /* FetchBadgeListUseCase.swift */; };
		7C01074A2F45FB5B0005AC1D /* CustomVisualEffectView.swift in Sources */ = {isa = PBXBuildFile; fileRef = 7C0107492F45FB5B0005AC1D /* CustomVisualEffectView.swift */; };
		7C01074D2F45FE3F0005AC1D /* TermsOfUseViewController.swift in Sources */ = {isa = PBXBuildFile; fileRef = 7C01074C2F45FE3F0005AC1D /* TermsOfUseViewController.swift */; };
		7C01074F2F45FE7A0005AC1D /* PrivacyPolicyViewController.swift in Sources */ = {isa = PBXBuildFile; fileRef = 7C01074E2F45FE7A0005AC1D /* PrivacyPolicyViewController.swift */; };
		7C0107512F46060B0005AC1D /* LogoutUseCase.swift in Sources */ = {isa = PBXBuildFile; fileRef = 7C0107502F46060B0005AC1D /* LogoutUseCase.swift */; };
		7C2A3F102F38ACCB00D102EE /* AppButton.swift in Sources */ = {isa = PBXBuildFile; fileRef = 7C2A3F0F2F38ACCB00D102EE /* AppButton.swift */; };
		7C2E31FC2F38DDA6006F08FE /* UIImage+.swift in Sources */ = {isa = PBXBuildFile; fileRef = 7C2E31FB2F38DDA6006F08FE /* UIImage+.swift */; };
		7C61D2FE2F210AAC005FAC3A /* AppDelegate.swift in Sources */ = {isa = PBXBuildFile; fileRef = 7C61D2F52F210AAC005FAC3A /* AppDelegate.swift */; };
		7C61D2FF2F210AAC005FAC3A /* SceneDelegate.swift in Sources */ = {isa = PBXBuildFile; fileRef = 7C61D2F92F210AAC005FAC3A /* SceneDelegate.swift */; };
		7C61D3012F210AAC005FAC3A /* Assets.xcassets in Resources */ = {isa = PBXBuildFile; fileRef = 7C61D2F62F210AAC005FAC3A /* Assets.xcassets */; };
		7C8AABB42F437FBD0011E4CF /* UIViewController+.swift in Sources */ = {isa = PBXBuildFile; fileRef = 7C8AABB32F437FBD0011E4CF /* UIViewController+.swift */; };
		7C9582A42F3561DC004F8523 /* OnboardingViewController.swift in Sources */ = {isa = PBXBuildFile; fileRef = 7C9582A32F3561DC004F8523 /* OnboardingViewController.swift */; };
		7C9582A92F3562D0004F8523 /* LoginViewController.swift in Sources */ = {isa = PBXBuildFile; fileRef = 7C9582A82F3562D0004F8523 /* LoginViewController.swift */; };
		7C9582AE2F356608004F8523 /* CheckLoginUseCase.swift in Sources */ = {isa = PBXBuildFile; fileRef = 7C9582AD2F356608004F8523 /* CheckLoginUseCase.swift */; };
		7CCB1E3C2F29B09C00472669 /* Alamofire in Frameworks */ = {isa = PBXBuildFile; productRef = 7CCB1E3B2F29B09C00472669 /* Alamofire */; };
		7CCB1E412F29B5ED00472669 /* Router.swift in Sources */ = {isa = PBXBuildFile; fileRef = 7CCB1E402F29B5ED00472669 /* Router.swift */; };
		7CCB1E5D2F2DB19600472669 /* Then in Frameworks */ = {isa = PBXBuildFile; productRef = 7CCB1E5C2F2DB19600472669 /* Then */; };
		7CCB1E602F2DB2C900472669 /* SnapKit in Frameworks */ = {isa = PBXBuildFile; productRef = 7CCB1E5F2F2DB2C900472669 /* SnapKit */; };
		7CCB1E622F2DB56600472669 /* MockAPI.swift in Sources */ = {isa = PBXBuildFile; fileRef = 7CCB1E612F2DB56600472669 /* MockAPI.swift */; };
		7CCB1E672F2DB72A00472669 /* MockRequest.swift in Sources */ = {isa = PBXBuildFile; fileRef = 7CCB1E662F2DB72A00472669 /* MockRequest.swift */; };
		7CCB1E722F2DD20300472669 /* KeychainWorker.swift in Sources */ = {isa = PBXBuildFile; fileRef = 7CCB1E712F2DD20300472669 /* KeychainWorker.swift */; };
/* End PBXBuildFile section */

/* Begin PBXFileReference section */
		00113F0C2F42FFA000D4CC37 /* UIColor+.swift */ = {isa = PBXFileReference; lastKnownFileType = sourcecode.swift; path = "UIColor+.swift"; sourceTree = "<group>"; };
		00113F0E2F42FFFD00D4CC37 /* OnboardingCollectionView.swift */ = {isa = PBXFileReference; lastKnownFileType = sourcecode.swift; path = OnboardingCollectionView.swift; sourceTree = "<group>"; };
		00113F0F2F42FFFD00D4CC37 /* OnboardingCollectionViewCell.swift */ = {isa = PBXFileReference; lastKnownFileType = sourcecode.swift; path = OnboardingCollectionViewCell.swift; sourceTree = "<group>"; };
		00113F112F42FFFD00D4CC37 /* OnBoardingPageControl.swift */ = {isa = PBXFileReference; lastKnownFileType = sourcecode.swift; path = OnBoardingPageControl.swift; sourceTree = "<group>"; };
		00113F162F43005300D4CC37 /* OnboardingItem.swift */ = {isa = PBXFileReference; lastKnownFileType = sourcecode.swift; path = OnboardingItem.swift; sourceTree = "<group>"; };
		00113F192F43007200D4CC37 /* UICollectionViewCell+.swift */ = {isa = PBXFileReference; lastKnownFileType = sourcecode.swift; path = "UICollectionViewCell+.swift"; sourceTree = "<group>"; };
		00113F1B2F43008C00D4CC37 /* SplashViewController.swift */ = {isa = PBXFileReference; lastKnownFileType = sourcecode.swift; path = SplashViewController.swift; sourceTree = "<group>"; };
		00113F2E2F43012200D4CC37 /* OnboardingCoordinator.swift */ = {isa = PBXFileReference; lastKnownFileType = sourcecode.swift; path = OnboardingCoordinator.swift; sourceTree = "<group>"; };
		00113F792F430A0700D4CC37 /* ViewModelType.swift */ = {isa = PBXFileReference; lastKnownFileType = sourcecode.swift; path = ViewModelType.swift; sourceTree = "<group>"; };
		00113F7C2F430A1400D4CC37 /* AppChipButton.swift */ = {isa = PBXFileReference; lastKnownFileType = sourcecode.swift; path = AppChipButton.swift; sourceTree = "<group>"; };
		00113F7E2F430A3E00D4CC37 /* Hakgyoansim Dunggeunmiso OTF B.otf */ = {isa = PBXFileReference; lastKnownFileType = file; path = "Hakgyoansim Dunggeunmiso OTF B.otf"; sourceTree = "<group>"; };
		00113F7F2F430A3E00D4CC37 /* Hakgyoansim Dunggeunmiso OTF R.otf */ = {isa = PBXFileReference; lastKnownFileType = file; path = "Hakgyoansim Dunggeunmiso OTF R.otf"; sourceTree = "<group>"; };
		0027D9E12F4054B2000DE576 /* AppCoordinator.swift */ = {isa = PBXFileReference; lastKnownFileType = sourcecode.swift; path = AppCoordinator.swift; sourceTree = "<group>"; };
		0027D9E42F4055DE000DE576 /* TabBarCoordinator.swift */ = {isa = PBXFileReference; lastKnownFileType = sourcecode.swift; path = TabBarCoordinator.swift; sourceTree = "<group>"; };
		0027D9E72F4056FD000DE576 /* LoginCoordinator.swift */ = {isa = PBXFileReference; lastKnownFileType = sourcecode.swift; path = LoginCoordinator.swift; sourceTree = "<group>"; };
		0027D9F52F408E79000DE576 /* TabBarView.swift */ = {isa = PBXFileReference; lastKnownFileType = sourcecode.swift; path = TabBarView.swift; sourceTree = "<group>"; };
		0036FE0E2F4DBA0400200357 /* glacier2.json */ = {isa = PBXFileReference; lastKnownFileType = text.json; path = glacier2.json; sourceTree = "<group>"; };
		0036FE0F2F4DBA0400200357 /* glacier3.json */ = {isa = PBXFileReference; lastKnownFileType = text.json; path = glacier3.json; sourceTree = "<group>"; };
		0036FE102F4DBA0400200357 /* glacier4.json */ = {isa = PBXFileReference; lastKnownFileType = text.json; path = glacier4.json; sourceTree = "<group>"; };
		0036FE112F4DBA0400200357 /* glacier5.json */ = {isa = PBXFileReference; lastKnownFileType = text.json; path = glacier5.json; sourceTree = "<group>"; };
		0036FE122F4DBA0400200357 /* loadinganimat.json */ = {isa = PBXFileReference; lastKnownFileType = text.json; path = loadinganimat.json; sourceTree = "<group>"; };
		0036FE132F4DBA0400200357 /* lottie_failerror.json */ = {isa = PBXFileReference; lastKnownFileType = text.json; path = lottie_failerror.json; sourceTree = "<group>"; };
		0036FE142F4DBA0400200357 /* lottie_finisheditor.json */ = {isa = PBXFileReference; lastKnownFileType = text.json; path = lottie_finisheditor.json; sourceTree = "<group>"; };
		00D1E8192F3B85D700D86F23 /* TabBarItem.swift */ = {isa = PBXFileReference; lastKnownFileType = sourcecode.swift; path = TabBarItem.swift; sourceTree = "<group>"; };
		00F47E022F2DD0D3006FBD2A /* Config-Dev.xcconfig */ = {isa = PBXFileReference; lastKnownFileType = text.xcconfig; path = "Config-Dev.xcconfig"; sourceTree = "<group>"; };
		00F47ED22F2DD155006FBD2A /* AppConfig.swift */ = {isa = PBXFileReference; lastKnownFileType = sourcecode.swift; path = AppConfig.swift; sourceTree = "<group>"; };
		00F480172F2DD2DE006FBD2A /* Config-Prod.xcconfig */ = {isa = PBXFileReference; lastKnownFileType = text.xcconfig; path = "Config-Prod.xcconfig"; sourceTree = "<group>"; };
		00F4801B2F2DD48D006FBD2A /* Pretendard-Black.otf */ = {isa = PBXFileReference; lastKnownFileType = file; path = "Pretendard-Black.otf"; sourceTree = "<group>"; };
		00F4801C2F2DD48D006FBD2A /* Pretendard-Bold.otf */ = {isa = PBXFileReference; lastKnownFileType = file; path = "Pretendard-Bold.otf"; sourceTree = "<group>"; };
		00F4801D2F2DD48D006FBD2A /* Pretendard-ExtraBold.otf */ = {isa = PBXFileReference; lastKnownFileType = file; path = "Pretendard-ExtraBold.otf"; sourceTree = "<group>"; };
		00F4801E2F2DD48D006FBD2A /* Pretendard-ExtraLight.otf */ = {isa = PBXFileReference; lastKnownFileType = file; path = "Pretendard-ExtraLight.otf"; sourceTree = "<group>"; };
		00F4801F2F2DD48D006FBD2A /* Pretendard-Light.otf */ = {isa = PBXFileReference; lastKnownFileType = file; path = "Pretendard-Light.otf"; sourceTree = "<group>"; };
		00F480202F2DD48D006FBD2A /* Pretendard-Medium.otf */ = {isa = PBXFileReference; lastKnownFileType = file; path = "Pretendard-Medium.otf"; sourceTree = "<group>"; };
		00F480212F2DD48D006FBD2A /* Pretendard-Regular.otf */ = {isa = PBXFileReference; lastKnownFileType = file; path = "Pretendard-Regular.otf"; sourceTree = "<group>"; };
		00F480222F2DD48D006FBD2A /* Pretendard-SemiBold.otf */ = {isa = PBXFileReference; lastKnownFileType = file; path = "Pretendard-SemiBold.otf"; sourceTree = "<group>"; };
		00F480232F2DD48D006FBD2A /* Pretendard-Thin.otf */ = {isa = PBXFileReference; lastKnownFileType = file; path = "Pretendard-Thin.otf"; sourceTree = "<group>"; };
		00F481712F2DD571006FBD2A /* UIFont+.swift */ = {isa = PBXFileReference; lastKnownFileType = sourcecode.swift; path = "UIFont+.swift"; sourceTree = "<group>"; };
		00F482422F2DDB9D006FBD2A /* UITextField+.swift */ = {isa = PBXFileReference; lastKnownFileType = sourcecode.swift; path = "UITextField+.swift"; sourceTree = "<group>"; };
		00F482442F2DDC1C006FBD2A /* UILabel+.swift */ = {isa = PBXFileReference; lastKnownFileType = sourcecode.swift; path = "UILabel+.swift"; sourceTree = "<group>"; };
		00F482462F2DDC48006FBD2A /* UIStackView+.swift */ = {isa = PBXFileReference; lastKnownFileType = sourcecode.swift; path = "UIStackView+.swift"; sourceTree = "<group>"; };
		00F482482F2DDC66006FBD2A /* UIView+.swift */ = {isa = PBXFileReference; lastKnownFileType = sourcecode.swift; path = "UIView+.swift"; sourceTree = "<group>"; };
		00F4824B2F2DDCD9006FBD2A /* BaseViewController.swift */ = {isa = PBXFileReference; lastKnownFileType = sourcecode.swift; path = BaseViewController.swift; sourceTree = "<group>"; };
		00F4824D2F2DDE09006FBD2A /* CALayer+.swift */ = {isa = PBXFileReference; lastKnownFileType = sourcecode.swift; path = "CALayer+.swift"; sourceTree = "<group>"; };
		7C0107262F439D3E0005AC1D /* SettingCoordinator.swift */ = {isa = PBXFileReference; lastKnownFileType = sourcecode.swift; path = SettingCoordinator.swift; sourceTree = "<group>"; };
		7C0107272F439D3E0005AC1D /* SettingViewController.swift */ = {isa = PBXFileReference; lastKnownFileType = sourcecode.swift; path = SettingViewController.swift; sourceTree = "<group>"; };
		7C0107282F439D3E0005AC1D /* SettingViewModel.swift */ = {isa = PBXFileReference; lastKnownFileType = sourcecode.swift; path = SettingViewModel.swift; sourceTree = "<group>"; };
		7C0107302F439E800005AC1D /* FetchUserProfileUseCase.swift */ = {isa = PBXFileReference; lastKnownFileType = sourcecode.swift; path = FetchUserProfileUseCase.swift; sourceTree = "<group>"; };
		7C0107332F439E9A0005AC1D /* UserProfile.swift */ = {isa = PBXFileReference; lastKnownFileType = sourcecode.swift; path = UserProfile.swift; sourceTree = "<group>"; };
		7C0107382F43A9B40005AC1D /* UIImageView+.swift */ = {isa = PBXFileReference; lastKnownFileType = sourcecode.swift; path = "UIImageView+.swift"; sourceTree = "<group>"; };
		7C01073C2F43B4C30005AC1D /* ChangeBadgeView.swift */ = {isa = PBXFileReference; lastKnownFileType = sourcecode.swift; path = ChangeBadgeView.swift; sourceTree = "<group>"; };
		7C01073E2F43B6870005AC1D /* ChangeBadgeCollectionView.swift */ = {isa = PBXFileReference; lastKnownFileType = sourcecode.swift; path = ChangeBadgeCollectionView.swift; sourceTree = "<group>"; };
		7C0107412F43B6930005AC1D /* ChangeBadgeCollectionViewCell.swift */ = {isa = PBXFileReference; lastKnownFileType = sourcecode.swift; path = ChangeBadgeCollectionViewCell.swift; sourceTree = "<group>"; };
		7C0107452F43B6F80005AC1D /* Badge.swift */ = {isa = PBXFileReference; lastKnownFileType = sourcecode.swift; path = Badge.swift; sourceTree = "<group>"; };
		7C0107472F44D3EE0005AC1D /* FetchBadgeListUseCase.swift */ = {isa = PBXFileReference; lastKnownFileType = sourcecode.swift; path = FetchBadgeListUseCase.swift; sourceTree = "<group>"; };
		7C0107492F45FB5B0005AC1D /* CustomVisualEffectView.swift */ = {isa = PBXFileReference; lastKnownFileType = sourcecode.swift; path = CustomVisualEffectView.swift; sourceTree = "<group>"; };
		7C01074C2F45FE3F0005AC1D /* TermsOfUseViewController.swift */ = {isa = PBXFileReference; lastKnownFileType = sourcecode.swift; path = TermsOfUseViewController.swift; sourceTree = "<group>"; };
		7C01074E2F45FE7A0005AC1D /* PrivacyPolicyViewController.swift */ = {isa = PBXFileReference; lastKnownFileType = sourcecode.swift; path = PrivacyPolicyViewController.swift; sourceTree = "<group>"; };
		7C0107502F46060B0005AC1D /* LogoutUseCase.swift */ = {isa = PBXFileReference; lastKnownFileType = sourcecode.swift; path = LogoutUseCase.swift; sourceTree = "<group>"; };
		7C2A3F0F2F38ACCB00D102EE /* AppButton.swift */ = {isa = PBXFileReference; lastKnownFileType = sourcecode.swift; path = AppButton.swift; sourceTree = "<group>"; };
		7C2E31FB2F38DDA6006F08FE /* UIImage+.swift */ = {isa = PBXFileReference; lastKnownFileType = sourcecode.swift; path = "UIImage+.swift"; sourceTree = "<group>"; };
		7C61D2C72F2109B3005FAC3A /* dnd-14th-1-iOS.app */ = {isa = PBXFileReference; explicitFileType = wrapper.application; includeInIndex = 0; path = "dnd-14th-1-iOS.app"; sourceTree = BUILT_PRODUCTS_DIR; };
		7C61D2F52F210AAC005FAC3A /* AppDelegate.swift */ = {isa = PBXFileReference; lastKnownFileType = sourcecode.swift; path = AppDelegate.swift; sourceTree = "<group>"; };
		7C61D2F62F210AAC005FAC3A /* Assets.xcassets */ = {isa = PBXFileReference; lastKnownFileType = folder.assetcatalog; path = Assets.xcassets; sourceTree = "<group>"; };
		7C61D2F82F210AAC005FAC3A /* Info.plist */ = {isa = PBXFileReference; lastKnownFileType = text.plist.xml; path = Info.plist; sourceTree = "<group>"; };
		7C61D2F92F210AAC005FAC3A /* SceneDelegate.swift */ = {isa = PBXFileReference; lastKnownFileType = sourcecode.swift; path = SceneDelegate.swift; sourceTree = "<group>"; };
		7C8AABB32F437FBD0011E4CF /* UIViewController+.swift */ = {isa = PBXFileReference; lastKnownFileType = sourcecode.swift; path = "UIViewController+.swift"; sourceTree = "<group>"; };
		7C9582A32F3561DC004F8523 /* OnboardingViewController.swift */ = {isa = PBXFileReference; lastKnownFileType = sourcecode.swift; path = OnboardingViewController.swift; sourceTree = "<group>"; };
		7C9582A82F3562D0004F8523 /* LoginViewController.swift */ = {isa = PBXFileReference; lastKnownFileType = sourcecode.swift; path = LoginViewController.swift; sourceTree = "<group>"; };
		7C9582AD2F356608004F8523 /* CheckLoginUseCase.swift */ = {isa = PBXFileReference; lastKnownFileType = sourcecode.swift; path = CheckLoginUseCase.swift; sourceTree = "<group>"; };
		7CCB1E402F29B5ED00472669 /* Router.swift */ = {isa = PBXFileReference; lastKnownFileType = sourcecode.swift; path = Router.swift; sourceTree = "<group>"; };
		7CCB1E612F2DB56600472669 /* MockAPI.swift */ = {isa = PBXFileReference; lastKnownFileType = sourcecode.swift; path = MockAPI.swift; sourceTree = "<group>"; };
		7CCB1E662F2DB72A00472669 /* MockRequest.swift */ = {isa = PBXFileReference; lastKnownFileType = sourcecode.swift; path = MockRequest.swift; sourceTree = "<group>"; };
		7CCB1E712F2DD20300472669 /* KeychainWorker.swift */ = {isa = PBXFileReference; lastKnownFileType = sourcecode.swift; path = KeychainWorker.swift; sourceTree = "<group>"; };
/* End PBXFileReference section */

/* Begin PBXFileSystemSynchronizedRootGroup section */
		0027D9DD2F40546C000DE576 /* Coordinator */ = {
			isa = PBXFileSystemSynchronizedRootGroup;
			path = Coordinator;
			sourceTree = "<group>";
		};
		00D1E8222F3B880900D86F23 /* Eco */ = {
			isa = PBXFileSystemSynchronizedRootGroup;
			path = Eco;
			sourceTree = "<group>";
		};
		00D1E8232F3B881100D86F23 /* Diagnosis */ = {
			isa = PBXFileSystemSynchronizedRootGroup;
			path = Diagnosis;
			sourceTree = "<group>";
		};
/* End PBXFileSystemSynchronizedRootGroup section */

/* Begin PBXFrameworksBuildPhase section */
		7C61D2C42F2109B3005FAC3A /* Frameworks */ = {
			isa = PBXFrameworksBuildPhase;
			buildActionMask = 2147483647;
			files = (
				0036FDC92F4DB83A00200357 /* Lottie in Frameworks */,
				7C0107372F43A92B0005AC1D /* Kingfisher in Frameworks */,
				7CCB1E602F2DB2C900472669 /* SnapKit in Frameworks */,
				7CCB1E3C2F29B09C00472669 /* Alamofire in Frameworks */,
				7CCB1E5D2F2DB19600472669 /* Then in Frameworks */,
			);
			runOnlyForDeploymentPostprocessing = 0;
		};
/* End PBXFrameworksBuildPhase section */

/* Begin PBXGroup section */
		00113F102F42FFFD00D4CC37 /* OnboardingCollectionView */ = {
			isa = PBXGroup;
			children = (
				00113F0E2F42FFFD00D4CC37 /* OnboardingCollectionView.swift */,
				00113F0F2F42FFFD00D4CC37 /* OnboardingCollectionViewCell.swift */,
			);
			path = OnboardingCollectionView;
			sourceTree = "<group>";
		};
		00113F122F42FFFD00D4CC37 /* Subviews */ = {
			isa = PBXGroup;
			children = (
				00113F102F42FFFD00D4CC37 /* OnboardingCollectionView */,
				00113F112F42FFFD00D4CC37 /* OnBoardingPageControl.swift */,
			);
			path = Subviews;
			sourceTree = "<group>";
		};
		00113F172F43005300D4CC37 /* Onboarding */ = {
			isa = PBXGroup;
			children = (
				00113F162F43005300D4CC37 /* OnboardingItem.swift */,
			);
			path = Onboarding;
			sourceTree = "<group>";
		};
		00113F1C2F43008C00D4CC37 /* Splash */ = {
			isa = PBXGroup;
			children = (
				00113F1B2F43008C00D4CC37 /* SplashViewController.swift */,
			);
			path = Splash;
			sourceTree = "<group>";
		};
		00113F7A2F430A0700D4CC37 /* Protocol */ = {
			isa = PBXGroup;
			children = (
				00113F792F430A0700D4CC37 /* ViewModelType.swift */,
			);
			path = Protocol;
			sourceTree = "<group>";
		};
		0036FE152F4DBA0400200357 /* Lottie */ = {
			isa = PBXGroup;
			children = (
				0036FE0E2F4DBA0400200357 /* glacier2.json */,
				0036FE0F2F4DBA0400200357 /* glacier3.json */,
				0036FE102F4DBA0400200357 /* glacier4.json */,
				0036FE112F4DBA0400200357 /* glacier5.json */,
				0036FE122F4DBA0400200357 /* loadinganimat.json */,
				0036FE132F4DBA0400200357 /* lottie_failerror.json */,
				0036FE142F4DBA0400200357 /* lottie_finisheditor.json */,
			);
			path = Lottie;
			sourceTree = "<group>";
		};
		00F480192F2DD436006FBD2A /* Global */ = {
			isa = PBXGroup;
			children = (
				7C01074B2F45FB990005AC1D /* View */,
				00113F7A2F430A0700D4CC37 /* Protocol */,
				0027D9DD2F40546C000DE576 /* Coordinator */,
				7C2A3F0E2F38AC9700D102EE /* DesignSystem */,
				00F4824A2F2DDCD5006FBD2A /* Base */,
				00F4801A2F2DD43D006FBD2A /* Extension */,
				7C9582B62F356FB4004F8523 /* Workers */,
			);
			path = Global;
			sourceTree = "<group>";
		};
		00F4801A2F2DD43D006FBD2A /* Extension */ = {
			isa = PBXGroup;
			children = (
				00F4824D2F2DDE09006FBD2A /* CALayer+.swift */,
				00F482482F2DDC66006FBD2A /* UIView+.swift */,
				00113F0C2F42FFA000D4CC37 /* UIColor+.swift */,
				00F482462F2DDC48006FBD2A /* UIStackView+.swift */,
				00113F192F43007200D4CC37 /* UICollectionViewCell+.swift */,
				00F482442F2DDC1C006FBD2A /* UILabel+.swift */,
				00F482422F2DDB9D006FBD2A /* UITextField+.swift */,
				00F481712F2DD571006FBD2A /* UIFont+.swift */,
				7C2E31FB2F38DDA6006F08FE /* UIImage+.swift */,
				7C8AABB32F437FBD0011E4CF /* UIViewController+.swift */,
				7C0107382F43A9B40005AC1D /* UIImageView+.swift */,
			);
			path = Extension;
			sourceTree = "<group>";
		};
		00F480242F2DD48D006FBD2A /* Font */ = {
			isa = PBXGroup;
			children = (
				00F4801B2F2DD48D006FBD2A /* Pretendard-Black.otf */,
				00F4801C2F2DD48D006FBD2A /* Pretendard-Bold.otf */,
				00F4801D2F2DD48D006FBD2A /* Pretendard-ExtraBold.otf */,
				00F4801E2F2DD48D006FBD2A /* Pretendard-ExtraLight.otf */,
				00113F7E2F430A3E00D4CC37 /* Hakgyoansim Dunggeunmiso OTF B.otf */,
				00113F7F2F430A3E00D4CC37 /* Hakgyoansim Dunggeunmiso OTF R.otf */,
				00F4801F2F2DD48D006FBD2A /* Pretendard-Light.otf */,
				00F480202F2DD48D006FBD2A /* Pretendard-Medium.otf */,
				00F480212F2DD48D006FBD2A /* Pretendard-Regular.otf */,
				00F480222F2DD48D006FBD2A /* Pretendard-SemiBold.otf */,
				00F480232F2DD48D006FBD2A /* Pretendard-Thin.otf */,
			);
			path = Font;
			sourceTree = "<group>";
		};
		00F4824A2F2DDCD5006FBD2A /* Base */ = {
			isa = PBXGroup;
			children = (
				00F4824B2F2DDCD9006FBD2A /* BaseViewController.swift */,
			);
			path = Base;
			sourceTree = "<group>";
		};
		7C0107292F439D3E0005AC1D /* Setting */ = {
			isa = PBXGroup;
			children = (
				7C01072F2F439D4E0005AC1D /* Subviews */,
				7C0107262F439D3E0005AC1D /* SettingCoordinator.swift */,
				7C0107272F439D3E0005AC1D /* SettingViewController.swift */,
				7C0107282F439D3E0005AC1D /* SettingViewModel.swift */,
			);
			path = Setting;
			sourceTree = "<group>";
		};
		7C01072F2F439D4E0005AC1D /* Subviews */ = {
			isa = PBXGroup;
			children = (
				7C0107402F43B68B0005AC1D /* ChangeBagdeCollectionView */,
				7C01073C2F43B4C30005AC1D /* ChangeBadgeView.swift */,
				7C01074C2F45FE3F0005AC1D /* TermsOfUseViewController.swift */,
				7C01074E2F45FE7A0005AC1D /* PrivacyPolicyViewController.swift */,
			);
			path = Subviews;
			sourceTree = "<group>";
		};
		7C0107322F439E940005AC1D /* User */ = {
			isa = PBXGroup;
			children = (
				7C0107332F439E9A0005AC1D /* UserProfile.swift */,
				7C0107452F43B6F80005AC1D /* Badge.swift */,
			);
			path = User;
			sourceTree = "<group>";
		};
		7C0107402F43B68B0005AC1D /* ChangeBagdeCollectionView */ = {
			isa = PBXGroup;
			children = (
				7C01073E2F43B6870005AC1D /* ChangeBadgeCollectionView.swift */,
				7C0107412F43B6930005AC1D /* ChangeBadgeCollectionViewCell.swift */,
			);
			path = ChangeBagdeCollectionView;
			sourceTree = "<group>";
		};
		7C01074B2F45FB990005AC1D /* View */ = {
			isa = PBXGroup;
			children = (
				7C0107492F45FB5B0005AC1D /* CustomVisualEffectView.swift */,
			);
			path = View;
			sourceTree = "<group>";
		};
		7C2A3F0E2F38AC9700D102EE /* DesignSystem */ = {
			isa = PBXGroup;
			children = (
				00113F7C2F430A1400D4CC37 /* AppChipButton.swift */,
				7C2A3F0F2F38ACCB00D102EE /* AppButton.swift */,
			);
			path = DesignSystem;
			sourceTree = "<group>";
		};
		7C61D2BE2F2109B3005FAC3A = {
			isa = PBXGroup;
			children = (
				7C61D2FB2F210AAC005FAC3A /* dnd-14th-1-iOS */,
				7C61D2C82F2109B3005FAC3A /* Products */,
			);
			sourceTree = "<group>";
		};
		7C61D2C82F2109B3005FAC3A /* Products */ = {
			isa = PBXGroup;
			children = (
				7C61D2C72F2109B3005FAC3A /* dnd-14th-1-iOS.app */,
			);
			name = Products;
			sourceTree = "<group>";
		};
		7C61D2FB2F210AAC005FAC3A /* dnd-14th-1-iOS */ = {
			isa = PBXGroup;
			children = (
				7C606B982F4C9C8C00C1578D /* dnd-14th-1-iOS.entitlements */,
				00F480192F2DD436006FBD2A /* Global */,
				00F47ED22F2DD155006FBD2A /* AppConfig.swift */,
				7C61D2F82F210AAC005FAC3A /* Info.plist */,
				7C61D3062F210B81005FAC3A /* Domain */,
				7C61D3072F210B8B005FAC3A /* Data */,
				7C61D3082F210B8E005FAC3A /* Presentation */,
				7C61D30F2F210C29005FAC3A /* Resources */,
				7C61D3112F210C40005FAC3A /* Apps */,
				00F47E022F2DD0D3006FBD2A /* Config-Dev.xcconfig */,
				00F480172F2DD2DE006FBD2A /* Config-Prod.xcconfig */,
			);
			path = "dnd-14th-1-iOS";
			sourceTree = "<group>";
		};
		7C61D3062F210B81005FAC3A /* Domain */ = {
			isa = PBXGroup;
			children = (
				7C61D3092F210BBF005FAC3A /* Model */,
				7C61D30A2F210BC5005FAC3A /* UseCase */,
				7C61D30B2F210BD8005FAC3A /* Repository */,
			);
			path = Domain;
			sourceTree = "<group>";
		};
		7C61D3072F210B8B005FAC3A /* Data */ = {
			isa = PBXGroup;
			children = (
				7C61D30C2F210BEE005FAC3A /* DTOs */,
				7C61D30D2F210BF4005FAC3A /* Service */,
				7C61D30E2F210BFD005FAC3A /* Repository */,
			);
			path = Data;
			sourceTree = "<group>";
		};
		7C61D3082F210B8E005FAC3A /* Presentation */ = {
			isa = PBXGroup;
			children = (
				00113F1C2F43008C00D4CC37 /* Splash */,
				7C0107292F439D3E0005AC1D /* Setting */,
				00D1E8232F3B881100D86F23 /* Diagnosis */,
				00D1E8222F3B880900D86F23 /* Eco */,
				7C9582A72F3562C7004F8523 /* Login */,
				7C9582A12F356147004F8523 /* Onboarding */,
				7C9582A22F356153004F8523 /* TabBar */,
			);
			path = Presentation;
			sourceTree = "<group>";
		};
		7C61D3092F210BBF005FAC3A /* Model */ = {
			isa = PBXGroup;
			children = (
				7C0107322F439E940005AC1D /* User */,
				00113F172F43005300D4CC37 /* Onboarding */,
			);
			path = Model;
			sourceTree = "<group>";
		};
		7C61D30A2F210BC5005FAC3A /* UseCase */ = {
			isa = PBXGroup;
			children = (
				7C9582AC2F356601004F8523 /* User */,
			);
			path = UseCase;
			sourceTree = "<group>";
		};
		7C61D30B2F210BD8005FAC3A /* Repository */ = {
			isa = PBXGroup;
			children = (
			);
			path = Repository;
			sourceTree = "<group>";
		};
		7C61D30C2F210BEE005FAC3A /* DTOs */ = {
			isa = PBXGroup;
			children = (
				7CCB1E642F2DB6A200472669 /* Decodable */,
				7CCB1E652F2DB6A200472669 /* Encodable */,
			);
			path = DTOs;
			sourceTree = "<group>";
		};
		7C61D30D2F210BF4005FAC3A /* Service */ = {
			isa = PBXGroup;
			children = (
				7CCB1E3F2F29B5E200472669 /* Network */,
			);
			path = Service;
			sourceTree = "<group>";
		};
		7C61D30E2F210BFD005FAC3A /* Repository */ = {
			isa = PBXGroup;
			children = (
			);
			path = Repository;
			sourceTree = "<group>";
		};
		7C61D30F2F210C29005FAC3A /* Resources */ = {
			isa = PBXGroup;
			children = (
				00F480242F2DD48D006FBD2A /* Font */,
				7C61D2F62F210AAC005FAC3A /* Assets.xcassets */,
				0036FE152F4DBA0400200357 /* Lottie */,
			);
			path = Resources;
			sourceTree = "<group>";
		};
		7C61D3112F210C40005FAC3A /* Apps */ = {
			isa = PBXGroup;
			children = (
				7C61D2F52F210AAC005FAC3A /* AppDelegate.swift */,
				7C61D2F92F210AAC005FAC3A /* SceneDelegate.swift */,
				0027D9E12F4054B2000DE576 /* AppCoordinator.swift */,
			);
			path = Apps;
			sourceTree = "<group>";
		};
		7C9582A12F356147004F8523 /* Onboarding */ = {
			isa = PBXGroup;
			children = (
				00113F122F42FFFD00D4CC37 /* Subviews */,
				00113F2E2F43012200D4CC37 /* OnboardingCoordinator.swift */,
				7C9582A32F3561DC004F8523 /* OnboardingViewController.swift */,
			);
			path = Onboarding;
			sourceTree = "<group>";
		};
		7C9582A22F356153004F8523 /* TabBar */ = {
			isa = PBXGroup;
			children = (
				0027D9F52F408E79000DE576 /* TabBarView.swift */,
				00D1E8192F3B85D700D86F23 /* TabBarItem.swift */,
				0027D9E42F4055DE000DE576 /* TabBarCoordinator.swift */,
			);
			path = TabBar;
			sourceTree = "<group>";
		};
		7C9582A72F3562C7004F8523 /* Login */ = {
			isa = PBXGroup;
			children = (
				7C9582A82F3562D0004F8523 /* LoginViewController.swift */,
				0027D9E72F4056FD000DE576 /* LoginCoordinator.swift */,
			);
			path = Login;
			sourceTree = "<group>";
		};
		7C9582AC2F356601004F8523 /* User */ = {
			isa = PBXGroup;
			children = (
				7C9582AD2F356608004F8523 /* CheckLoginUseCase.swift */,
				7C0107302F439E800005AC1D /* FetchUserProfileUseCase.swift */,
				7C0107472F44D3EE0005AC1D /* FetchBadgeListUseCase.swift */,
				7C0107502F46060B0005AC1D /* LogoutUseCase.swift */,
			);
			path = User;
			sourceTree = "<group>";
		};
		7C9582B62F356FB4004F8523 /* Workers */ = {
			isa = PBXGroup;
			children = (
				7CCB1E712F2DD20300472669 /* KeychainWorker.swift */,
			);
			path = Workers;
			sourceTree = "<group>";
		};
		7CCB1E3E2F29B5E200472669 /* API */ = {
			isa = PBXGroup;
			children = (
				7CCB1E612F2DB56600472669 /* MockAPI.swift */,
			);
			path = API;
			sourceTree = "<group>";
		};
		7CCB1E3F2F29B5E200472669 /* Network */ = {
			isa = PBXGroup;
			children = (
				7CCB1E3E2F29B5E200472669 /* API */,
				7CCB1E402F29B5ED00472669 /* Router.swift */,
			);
			path = Network;
			sourceTree = "<group>";
		};
		7CCB1E642F2DB6A200472669 /* Decodable */ = {
			isa = PBXGroup;
			children = (
			);
			path = Decodable;
			sourceTree = "<group>";
		};
		7CCB1E652F2DB6A200472669 /* Encodable */ = {
			isa = PBXGroup;
			children = (
				7CCB1E662F2DB72A00472669 /* MockRequest.swift */,
			);
			path = Encodable;
			sourceTree = "<group>";
		};
/* End PBXGroup section */

/* Begin PBXNativeTarget section */
		7C61D2C62F2109B3005FAC3A /* dnd-14th-1-iOS */ = {
			isa = PBXNativeTarget;
			buildConfigurationList = 7C61D2DA2F2109B4005FAC3A /* Build configuration list for PBXNativeTarget "dnd-14th-1-iOS" */;
			buildPhases = (
				7C61D2C32F2109B3005FAC3A /* Sources */,
				7C61D2C42F2109B3005FAC3A /* Frameworks */,
				7C61D2C52F2109B3005FAC3A /* Resources */,
			);
			buildRules = (
			);
			dependencies = (
			);
			fileSystemSynchronizedGroups = (
				0027D9DD2F40546C000DE576 /* Coordinator */,
				00D1E8222F3B880900D86F23 /* Eco */,
				00D1E8232F3B881100D86F23 /* Diagnosis */,
			);
			name = "dnd-14th-1-iOS";
			packageProductDependencies = (
				7CCB1E3B2F29B09C00472669 /* Alamofire */,
				7CCB1E5C2F2DB19600472669 /* Then */,
				7CCB1E5F2F2DB2C900472669 /* SnapKit */,
				7C0107362F43A92B0005AC1D /* Kingfisher */,
				0036FDC82F4DB83A00200357 /* Lottie */,
			);
			productName = "dnd-14th-1-iOS";
			productReference = 7C61D2C72F2109B3005FAC3A /* dnd-14th-1-iOS.app */;
			productType = "com.apple.product-type.application";
		};
/* End PBXNativeTarget section */

/* Begin PBXProject section */
		7C61D2BF2F2109B3005FAC3A /* Project object */ = {
			isa = PBXProject;
			attributes = {
				BuildIndependentTargetsInParallel = 1;
				LastSwiftUpdateCheck = 2620;
				LastUpgradeCheck = 2620;
				TargetAttributes = {
					7C61D2C62F2109B3005FAC3A = {
						CreatedOnToolsVersion = 26.2;
					};
				};
			};
			buildConfigurationList = 7C61D2C22F2109B3005FAC3A /* Build configuration list for PBXProject "dnd-14th-1-iOS" */;
			developmentRegion = ko;
			hasScannedForEncodings = 0;
			knownRegions = (
				Base,
				ko,
			);
			mainGroup = 7C61D2BE2F2109B3005FAC3A;
			minimizedProjectReferenceProxies = 1;
			packageReferences = (
				7CCB1E3A2F29B09C00472669 /* XCRemoteSwiftPackageReference "Alamofire" */,
				7CCB1E5B2F2DB19600472669 /* XCRemoteSwiftPackageReference "Then" */,
				7CCB1E5E2F2DB2C900472669 /* XCRemoteSwiftPackageReference "SnapKit" */,
				7C0107352F43A92B0005AC1D /* XCRemoteSwiftPackageReference "Kingfisher" */,
				0036FDC72F4DB83A00200357 /* XCRemoteSwiftPackageReference "lottie-ios" */,
			);
			preferredProjectObjectVersion = 77;
			productRefGroup = 7C61D2C82F2109B3005FAC3A /* Products */;
			projectDirPath = "";
			projectRoot = "";
			targets = (
				7C61D2C62F2109B3005FAC3A /* dnd-14th-1-iOS */,
			);
		};
/* End PBXProject section */

/* Begin PBXResourcesBuildPhase section */
		7C61D2C52F2109B3005FAC3A /* Resources */ = {
			isa = PBXResourcesBuildPhase;
			buildActionMask = 2147483647;
			files = (
				7C61D3012F210AAC005FAC3A /* Assets.xcassets in Resources */,
				00F480252F2DD48D006FBD2A /* Pretendard-Regular.otf in Resources */,
				00F480262F2DD48D006FBD2A /* Pretendard-ExtraLight.otf in Resources */,
				00F480272F2DD48D006FBD2A /* Pretendard-Thin.otf in Resources */,
				00113F802F430A3E00D4CC37 /* Hakgyoansim Dunggeunmiso OTF R.otf in Resources */,
				00113F812F430A3E00D4CC37 /* Hakgyoansim Dunggeunmiso OTF B.otf in Resources */,
				00F480282F2DD48D006FBD2A /* Pretendard-Black.otf in Resources */,
				00F480292F2DD48D006FBD2A /* Pretendard-ExtraBold.otf in Resources */,
				00F4802A2F2DD48D006FBD2A /* Pretendard-Light.otf in Resources */,
				00F4802B2F2DD48D006FBD2A /* Pretendard-Bold.otf in Resources */,
				00F4802C2F2DD48D006FBD2A /* Pretendard-Medium.otf in Resources */,
				00F4802D2F2DD48D006FBD2A /* Pretendard-SemiBold.otf in Resources */,
				00F480182F2DD2DE006FBD2A /* Config-Prod.xcconfig in Resources */,
				0036FE162F4DBA0400200357 /* loadinganimat.json in Resources */,
				0036FE172F4DBA0400200357 /* lottie_failerror.json in Resources */,
				0036FE182F4DBA0400200357 /* glacier4.json in Resources */,
				0036FE192F4DBA0400200357 /* glacier5.json in Resources */,
				0036FE1A2F4DBA0400200357 /* glacier3.json in Resources */,
				0036FE1B2F4DBA0400200357 /* lottie_finisheditor.json in Resources */,
				0036FE1C2F4DBA0400200357 /* glacier2.json in Resources */,
			);
			runOnlyForDeploymentPostprocessing = 0;
		};
/* End PBXResourcesBuildPhase section */

/* Begin PBXSourcesBuildPhase section */
		7C61D2C32F2109B3005FAC3A /* Sources */ = {
			isa = PBXSourcesBuildPhase;
			buildActionMask = 2147483647;
			files = (
				7C9582A92F3562D0004F8523 /* LoginViewController.swift in Sources */,
				00113F182F43005300D4CC37 /* OnboardingItem.swift in Sources */,
				7C01074A2F45FB5B0005AC1D /* CustomVisualEffectView.swift in Sources */,
				7C0107342F439E9A0005AC1D /* UserProfile.swift in Sources */,
				00113F1A2F43007200D4CC37 /* UICollectionViewCell+.swift in Sources */,
				00113F7B2F430A0700D4CC37 /* ViewModelType.swift in Sources */,
				0027D9E92F405700000DE576 /* LoginCoordinator.swift in Sources */,
				00113F7D2F430A1400D4CC37 /* AppChipButton.swift in Sources */,
				0027D9E32F4054B5000DE576 /* AppCoordinator.swift in Sources */,
				7C01074D2F45FE3F0005AC1D /* TermsOfUseViewController.swift in Sources */,
				7CCB1E412F29B5ED00472669 /* Router.swift in Sources */,
				00113F1D2F43008C00D4CC37 /* SplashViewController.swift in Sources */,
				7C61D2FE2F210AAC005FAC3A /* AppDelegate.swift in Sources */,
				00F47ED32F2DD1A5006FBD2A /* AppConfig.swift in Sources */,
				7C0107312F439E800005AC1D /* FetchUserProfileUseCase.swift in Sources */,
				00F481722F2DD574006FBD2A /* UIFont+.swift in Sources */,
				00F482432F2DDBA1006FBD2A /* UITextField+.swift in Sources */,
				7C2A3F102F38ACCB00D102EE /* AppButton.swift in Sources */,
				00F482452F2DDC20006FBD2A /* UILabel+.swift in Sources */,
				00F4824C2F2DDCE2006FBD2A /* BaseViewController.swift in Sources */,
				7C61D2FF2F210AAC005FAC3A /* SceneDelegate.swift in Sources */,
				7C9582A42F3561DC004F8523 /* OnboardingViewController.swift in Sources */,
				7C01072A2F439D3E0005AC1D /* SettingCoordinator.swift in Sources */,
				7C0107482F44D3EE0005AC1D /* FetchBadgeListUseCase.swift in Sources */,
				7C0107422F43B6930005AC1D /* ChangeBadgeCollectionViewCell.swift in Sources */,
				7C01072B2F439D3E0005AC1D /* SettingViewController.swift in Sources */,
				7C01072C2F439D3E0005AC1D /* SettingViewModel.swift in Sources */,
				7CCB1E622F2DB56600472669 /* MockAPI.swift in Sources */,
				0027D9F62F408E7C000DE576 /* TabBarView.swift in Sources */,
				00113F132F42FFFD00D4CC37 /* OnboardingCollectionView.swift in Sources */,
				7C0107512F46060B0005AC1D /* LogoutUseCase.swift in Sources */,
				00113F142F42FFFD00D4CC37 /* OnBoardingPageControl.swift in Sources */,
				00113F152F42FFFD00D4CC37 /* OnboardingCollectionViewCell.swift in Sources */,
				7CCB1E672F2DB72A00472669 /* MockRequest.swift in Sources */,
				7C2E31FC2F38DDA6006F08FE /* UIImage+.swift in Sources */,
				00113F2F2F43012700D4CC37 /* OnboardingCoordinator.swift in Sources */,
				7C8AABB42F437FBD0011E4CF /* UIViewController+.swift in Sources */,
				7C01073D2F43B4C30005AC1D /* ChangeBadgeView.swift in Sources */,
				7C01074F2F45FE7A0005AC1D /* PrivacyPolicyViewController.swift in Sources */,
				7C9582AE2F356608004F8523 /* CheckLoginUseCase.swift in Sources */,
				00113F0D2F42FFA000D4CC37 /* UIColor+.swift in Sources */,
				7C0107462F43B6F80005AC1D /* Badge.swift in Sources */,
				0027D9E62F4055E7000DE576 /* TabBarCoordinator.swift in Sources */,
				7C0107392F43A9B40005AC1D /* UIImageView+.swift in Sources */,
				7CCB1E722F2DD20300472669 /* KeychainWorker.swift in Sources */,
				00F482492F2DDC69006FBD2A /* UIView+.swift in Sources */,
				00D1E81A2F3B85DF00D86F23 /* TabBarItem.swift in Sources */,
				00F482472F2DDC4F006FBD2A /* UIStackView+.swift in Sources */,
				7C01073F2F43B6870005AC1D /* ChangeBadgeCollectionView.swift in Sources */,
				00F4824E2F2DDE0C006FBD2A /* CALayer+.swift in Sources */,
			);
			runOnlyForDeploymentPostprocessing = 0;
		};
/* End PBXSourcesBuildPhase section */

/* Begin XCBuildConfiguration section */
		7C61D2DB2F2109B4005FAC3A /* Debug */ = {
			isa = XCBuildConfiguration;
			baseConfigurationReference = 00F47E022F2DD0D3006FBD2A /* Config-Dev.xcconfig */;
			buildSettings = {
				ASSETCATALOG_COMPILER_APPICON_NAME = AppIcon;
				ASSETCATALOG_COMPILER_GLOBAL_ACCENT_COLOR_NAME = AccentColor;
				CODE_SIGN_ENTITLEMENTS = "dnd-14th-1-iOS/dnd-14th-1-iOS.entitlements";
				CODE_SIGN_STYLE = Automatic;
				CURRENT_PROJECT_VERSION = 1;
				DEVELOPMENT_TEAM = 7UL55F8A57;
				GENERATE_INFOPLIST_FILE = YES;
				INFOPLIST_FILE = "dnd-14th-1-iOS/Info.plist";
				INFOPLIST_KEY_CFBundleDisplayName = saving;
				INFOPLIST_KEY_UIApplicationSupportsIndirectInputEvents = YES;
				INFOPLIST_KEY_UILaunchStoryboardName = LaunchScreen;
				INFOPLIST_KEY_UIStatusBarStyle = "";
				INFOPLIST_KEY_UISupportedInterfaceOrientations = UIInterfaceOrientationPortrait;
				IPHONEOS_DEPLOYMENT_TARGET = 26.0;
				LD_RUNPATH_SEARCH_PATHS = (
					"$(inherited)",
					"@executable_path/Frameworks",
				);
				MARKETING_VERSION = 1.0;
				PRODUCT_BUNDLE_IDENTIFIER = "ac.dnd-14th-1-iOS";
				PRODUCT_NAME = "$(TARGET_NAME)";
				STRING_CATALOG_GENERATE_SYMBOLS = YES;
				SUPPORTED_PLATFORMS = "iphoneos iphonesimulator";
				SUPPORTS_MACCATALYST = NO;
				SUPPORTS_MAC_DESIGNED_FOR_IPHONE_IPAD = NO;
				SUPPORTS_XR_DESIGNED_FOR_IPHONE_IPAD = NO;
				SWIFT_APPROACHABLE_CONCURRENCY = YES;
				SWIFT_DEFAULT_ACTOR_ISOLATION = MainActor;
				SWIFT_EMIT_LOC_STRINGS = YES;
				SWIFT_UPCOMING_FEATURE_MEMBER_IMPORT_VISIBILITY = YES;
				SWIFT_VERSION = 5.0;
				TARGETED_DEVICE_FAMILY = 1;
			};
			name = Debug;
		};
		7C61D2DC2F2109B4005FAC3A /* Release */ = {
			isa = XCBuildConfiguration;
			baseConfigurationReference = 00F480172F2DD2DE006FBD2A /* Config-Prod.xcconfig */;
			buildSettings = {
				ASSETCATALOG_COMPILER_APPICON_NAME = AppIcon;
				ASSETCATALOG_COMPILER_GLOBAL_ACCENT_COLOR_NAME = AccentColor;
				CODE_SIGN_ENTITLEMENTS = "dnd-14th-1-iOS/dnd-14th-1-iOS.entitlements";
				CODE_SIGN_STYLE = Automatic;
				CURRENT_PROJECT_VERSION = 1;
				DEVELOPMENT_TEAM = 7UL55F8A57;
				GENERATE_INFOPLIST_FILE = YES;
				INFOPLIST_FILE = "dnd-14th-1-iOS/Info.plist";
				INFOPLIST_KEY_CFBundleDisplayName = saving;
				INFOPLIST_KEY_UIApplicationSupportsIndirectInputEvents = YES;
				INFOPLIST_KEY_UILaunchStoryboardName = LaunchScreen;
				INFOPLIST_KEY_UIStatusBarStyle = "";
				INFOPLIST_KEY_UISupportedInterfaceOrientations = UIInterfaceOrientationPortrait;
				IPHONEOS_DEPLOYMENT_TARGET = 26.0;
				LD_RUNPATH_SEARCH_PATHS = (
					"$(inherited)",
					"@executable_path/Frameworks",
				);
				MARKETING_VERSION = 1.0;
				PRODUCT_BUNDLE_IDENTIFIER = "ac.dnd-14th-1-iOS";
				PRODUCT_NAME = "$(TARGET_NAME)";
				STRING_CATALOG_GENERATE_SYMBOLS = YES;
				SUPPORTED_PLATFORMS = "iphoneos iphonesimulator";
				SUPPORTS_MACCATALYST = NO;
				SUPPORTS_MAC_DESIGNED_FOR_IPHONE_IPAD = NO;
				SUPPORTS_XR_DESIGNED_FOR_IPHONE_IPAD = NO;
				SWIFT_APPROACHABLE_CONCURRENCY = YES;
				SWIFT_DEFAULT_ACTOR_ISOLATION = MainActor;
				SWIFT_EMIT_LOC_STRINGS = YES;
				SWIFT_UPCOMING_FEATURE_MEMBER_IMPORT_VISIBILITY = YES;
				SWIFT_VERSION = 5.0;
				TARGETED_DEVICE_FAMILY = 1;
			};
			name = Release;
		};
		7C61D2DD2F2109B4005FAC3A /* Debug */ = {
			isa = XCBuildConfiguration;
			baseConfigurationReference = 00F47E022F2DD0D3006FBD2A /* Config-Dev.xcconfig */;
			buildSettings = {
				ALWAYS_SEARCH_USER_PATHS = NO;
				ASSETCATALOG_COMPILER_GENERATE_SWIFT_ASSET_SYMBOL_EXTENSIONS = YES;
				CLANG_ANALYZER_NONNULL = YES;
				CLANG_ANALYZER_NUMBER_OBJECT_CONVERSION = YES_AGGRESSIVE;
				CLANG_CXX_LANGUAGE_STANDARD = "gnu++20";
				CLANG_ENABLE_MODULES = YES;
				CLANG_ENABLE_OBJC_ARC = YES;
				CLANG_ENABLE_OBJC_WEAK = YES;
				CLANG_WARN_BLOCK_CAPTURE_AUTORELEASING = YES;
				CLANG_WARN_BOOL_CONVERSION = YES;
				CLANG_WARN_COMMA = YES;
				CLANG_WARN_CONSTANT_CONVERSION = YES;
				CLANG_WARN_DEPRECATED_OBJC_IMPLEMENTATIONS = YES;
				CLANG_WARN_DIRECT_OBJC_ISA_USAGE = YES_ERROR;
				CLANG_WARN_DOCUMENTATION_COMMENTS = YES;
				CLANG_WARN_EMPTY_BODY = YES;
				CLANG_WARN_ENUM_CONVERSION = YES;
				CLANG_WARN_INFINITE_RECURSION = YES;
				CLANG_WARN_INT_CONVERSION = YES;
				CLANG_WARN_NON_LITERAL_NULL_CONVERSION = YES;
				CLANG_WARN_OBJC_IMPLICIT_RETAIN_SELF = YES;
				CLANG_WARN_OBJC_LITERAL_CONVERSION = YES;
				CLANG_WARN_OBJC_ROOT_CLASS = YES_ERROR;
				CLANG_WARN_QUOTED_INCLUDE_IN_FRAMEWORK_HEADER = YES;
				CLANG_WARN_RANGE_LOOP_ANALYSIS = YES;
				CLANG_WARN_STRICT_PROTOTYPES = YES;
				CLANG_WARN_SUSPICIOUS_MOVE = YES;
				CLANG_WARN_UNGUARDED_AVAILABILITY = YES_AGGRESSIVE;
				CLANG_WARN_UNREACHABLE_CODE = YES;
				CLANG_WARN__DUPLICATE_METHOD_MATCH = YES;
				COPY_PHASE_STRIP = NO;
				DEBUG_INFORMATION_FORMAT = dwarf;
				ENABLE_STRICT_OBJC_MSGSEND = YES;
				ENABLE_TESTABILITY = YES;
				ENABLE_USER_SCRIPT_SANDBOXING = YES;
				GCC_C_LANGUAGE_STANDARD = gnu17;
				GCC_DYNAMIC_NO_PIC = NO;
				GCC_NO_COMMON_BLOCKS = YES;
				GCC_OPTIMIZATION_LEVEL = 0;
				GCC_PREPROCESSOR_DEFINITIONS = (
					"DEBUG=1",
					"$(inherited)",
				);
				GCC_WARN_64_TO_32_BIT_CONVERSION = YES;
				GCC_WARN_ABOUT_RETURN_TYPE = YES_ERROR;
				GCC_WARN_UNDECLARED_SELECTOR = YES;
				GCC_WARN_UNINITIALIZED_AUTOS = YES_AGGRESSIVE;
				GCC_WARN_UNUSED_FUNCTION = YES;
				GCC_WARN_UNUSED_VARIABLE = YES;
				IPHONEOS_DEPLOYMENT_TARGET = 18.6;
				LOCALIZATION_PREFERS_STRING_CATALOGS = YES;
				MTL_ENABLE_DEBUG_INFO = INCLUDE_SOURCE;
				MTL_FAST_MATH = YES;
				ONLY_ACTIVE_ARCH = YES;
				SDKROOT = iphoneos;
				SWIFT_ACTIVE_COMPILATION_CONDITIONS = "DEBUG $(inherited)";
				SWIFT_OPTIMIZATION_LEVEL = "-Onone";
			};
			name = Debug;
		};
		7C61D2DE2F2109B4005FAC3A /* Release */ = {
			isa = XCBuildConfiguration;
			baseConfigurationReference = 00F480172F2DD2DE006FBD2A /* Config-Prod.xcconfig */;
			buildSettings = {
				ALWAYS_SEARCH_USER_PATHS = NO;
				ASSETCATALOG_COMPILER_GENERATE_SWIFT_ASSET_SYMBOL_EXTENSIONS = YES;
				CLANG_ANALYZER_NONNULL = YES;
				CLANG_ANALYZER_NUMBER_OBJECT_CONVERSION = YES_AGGRESSIVE;
				CLANG_CXX_LANGUAGE_STANDARD = "gnu++20";
				CLANG_ENABLE_MODULES = YES;
				CLANG_ENABLE_OBJC_ARC = YES;
				CLANG_ENABLE_OBJC_WEAK = YES;
				CLANG_WARN_BLOCK_CAPTURE_AUTORELEASING = YES;
				CLANG_WARN_BOOL_CONVERSION = YES;
				CLANG_WARN_COMMA = YES;
				CLANG_WARN_CONSTANT_CONVERSION = YES;
				CLANG_WARN_DEPRECATED_OBJC_IMPLEMENTATIONS = YES;
				CLANG_WARN_DIRECT_OBJC_ISA_USAGE = YES_ERROR;
				CLANG_WARN_DOCUMENTATION_COMMENTS = YES;
				CLANG_WARN_EMPTY_BODY = YES;
				CLANG_WARN_ENUM_CONVERSION = YES;
				CLANG_WARN_INFINITE_RECURSION = YES;
				CLANG_WARN_INT_CONVERSION = YES;
				CLANG_WARN_NON_LITERAL_NULL_CONVERSION = YES;
				CLANG_WARN_OBJC_IMPLICIT_RETAIN_SELF = YES;
				CLANG_WARN_OBJC_LITERAL_CONVERSION = YES;
				CLANG_WARN_OBJC_ROOT_CLASS = YES_ERROR;
				CLANG_WARN_QUOTED_INCLUDE_IN_FRAMEWORK_HEADER = YES;
				CLANG_WARN_RANGE_LOOP_ANALYSIS = YES;
				CLANG_WARN_STRICT_PROTOTYPES = YES;
				CLANG_WARN_SUSPICIOUS_MOVE = YES;
				CLANG_WARN_UNGUARDED_AVAILABILITY = YES_AGGRESSIVE;
				CLANG_WARN_UNREACHABLE_CODE = YES;
				CLANG_WARN__DUPLICATE_METHOD_MATCH = YES;
				COPY_PHASE_STRIP = NO;
				DEBUG_INFORMATION_FORMAT = "dwarf-with-dsym";
				ENABLE_NS_ASSERTIONS = NO;
				ENABLE_STRICT_OBJC_MSGSEND = YES;
				ENABLE_USER_SCRIPT_SANDBOXING = YES;
				GCC_C_LANGUAGE_STANDARD = gnu17;
				GCC_NO_COMMON_BLOCKS = YES;
				GCC_WARN_64_TO_32_BIT_CONVERSION = YES;
				GCC_WARN_ABOUT_RETURN_TYPE = YES_ERROR;
				GCC_WARN_UNDECLARED_SELECTOR = YES;
				GCC_WARN_UNINITIALIZED_AUTOS = YES_AGGRESSIVE;
				GCC_WARN_UNUSED_FUNCTION = YES;
				GCC_WARN_UNUSED_VARIABLE = YES;
				IPHONEOS_DEPLOYMENT_TARGET = 18.6;
				LOCALIZATION_PREFERS_STRING_CATALOGS = YES;
				MTL_ENABLE_DEBUG_INFO = NO;
				MTL_FAST_MATH = YES;
				SDKROOT = iphoneos;
				SWIFT_COMPILATION_MODE = wholemodule;
				VALIDATE_PRODUCT = YES;
			};
			name = Release;
		};
/* End XCBuildConfiguration section */

/* Begin XCConfigurationList section */
		7C61D2C22F2109B3005FAC3A /* Build configuration list for PBXProject "dnd-14th-1-iOS" */ = {
			isa = XCConfigurationList;
			buildConfigurations = (
				7C61D2DD2F2109B4005FAC3A /* Debug */,
				7C61D2DE2F2109B4005FAC3A /* Release */,
			);
			defaultConfigurationIsVisible = 0;
			defaultConfigurationName = Release;
		};
		7C61D2DA2F2109B4005FAC3A /* Build configuration list for PBXNativeTarget "dnd-14th-1-iOS" */ = {
			isa = XCConfigurationList;
			buildConfigurations = (
				7C61D2DB2F2109B4005FAC3A /* Debug */,
				7C61D2DC2F2109B4005FAC3A /* Release */,
			);
			defaultConfigurationIsVisible = 0;
			defaultConfigurationName = Release;
		};
/* End XCConfigurationList section */

/* Begin XCRemoteSwiftPackageReference section */
		0036FDC72F4DB83A00200357 /* XCRemoteSwiftPackageReference "lottie-ios" */ = {
			isa = XCRemoteSwiftPackageReference;
			repositoryURL = "https://github.com/airbnb/lottie-ios";
			requirement = {
				kind = upToNextMajorVersion;
				minimumVersion = 4.6.0;
			};
		};
		7C0107352F43A92B0005AC1D /* XCRemoteSwiftPackageReference "Kingfisher" */ = {
			isa = XCRemoteSwiftPackageReference;
			repositoryURL = "https://github.com/onevcat/Kingfisher.git";
			requirement = {
				kind = upToNextMajorVersion;
				minimumVersion = 8.6.2;
			};
		};
		7CCB1E3A2F29B09C00472669 /* XCRemoteSwiftPackageReference "Alamofire" */ = {
			isa = XCRemoteSwiftPackageReference;
			repositoryURL = "https://github.com/Alamofire/Alamofire";
			requirement = {
				kind = upToNextMajorVersion;
				minimumVersion = 5.11.0;
			};
		};
		7CCB1E5B2F2DB19600472669 /* XCRemoteSwiftPackageReference "Then" */ = {
			isa = XCRemoteSwiftPackageReference;
			repositoryURL = "https://github.com/devxoul/Then";
			requirement = {
				kind = upToNextMajorVersion;
				minimumVersion = 3.0.0;
			};
		};
		7CCB1E5E2F2DB2C900472669 /* XCRemoteSwiftPackageReference "SnapKit" */ = {
			isa = XCRemoteSwiftPackageReference;
			repositoryURL = "https://github.com/SnapKit/SnapKit";
			requirement = {
				kind = upToNextMajorVersion;
				minimumVersion = 5.7.1;
			};
		};
/* End XCRemoteSwiftPackageReference section */

/* Begin XCSwiftPackageProductDependency section */
		0036FDC82F4DB83A00200357 /* Lottie */ = {
			isa = XCSwiftPackageProductDependency;
			package = 0036FDC72F4DB83A00200357 /* XCRemoteSwiftPackageReference "lottie-ios" */;
			productName = Lottie;
		};
		7C0107362F43A92B0005AC1D /* Kingfisher */ = {
			isa = XCSwiftPackageProductDependency;
			package = 7C0107352F43A92B0005AC1D /* XCRemoteSwiftPackageReference "Kingfisher" */;
			productName = Kingfisher;
		};
		7CCB1E3B2F29B09C00472669 /* Alamofire */ = {
			isa = XCSwiftPackageProductDependency;
			package = 7CCB1E3A2F29B09C00472669 /* XCRemoteSwiftPackageReference "Alamofire" */;
			productName = Alamofire;
		};
		7CCB1E5C2F2DB19600472669 /* Then */ = {
			isa = XCSwiftPackageProductDependency;
			package = 7CCB1E5B2F2DB19600472669 /* XCRemoteSwiftPackageReference "Then" */;
			productName = Then;
		};
		7CCB1E5F2F2DB2C900472669 /* SnapKit */ = {
			isa = XCSwiftPackageProductDependency;
			package = 7CCB1E5E2F2DB2C900472669 /* XCRemoteSwiftPackageReference "SnapKit" */;
			productName = SnapKit;
		};
/* End XCSwiftPackageProductDependency section */
	};
	rootObject = 7C61D2BF2F2109B3005FAC3A /* Project object */;
}
